// !$*UTF8*$!
{
	archiveVersion = 1;
	classes = {
	};
	objectVersion = 46;
	objects = {

/* Begin PBXBuildFile section */
		614CBF2D9FD9AFB2D11DB109 /* libPods.a in Frameworks */ = {isa = PBXBuildFile; fileRef = C841EED634B35126D6474175 /* libPods.a */; };
		8306515E1B53C0FF004FAB6D /* RHTalkInputView.m in Sources */ = {isa = PBXBuildFile; fileRef = 8306515B1B53C0FF004FAB6D /* RHTalkInputView.m */; };
		830651991B53D30D004FAB6D /* bubble_left@2x.png in Resources */ = {isa = PBXBuildFile; fileRef = 830651801B53D30D004FAB6D /* bubble_left@2x.png */; };
		8306519A1B53D30D004FAB6D /* bubble_left_down@2x.png in Resources */ = {isa = PBXBuildFile; fileRef = 830651811B53D30D004FAB6D /* bubble_left_down@2x.png */; };
		8306519B1B53D30D004FAB6D /* bubble_right@2x.png in Resources */ = {isa = PBXBuildFile; fileRef = 830651821B53D30D004FAB6D /* bubble_right@2x.png */; };
		8306519C1B53D30D004FAB6D /* bubble_right_down@2x.png in Resources */ = {isa = PBXBuildFile; fileRef = 830651831B53D30D004FAB6D /* bubble_right_down@2x.png */; };
		8306519D1B53D30D004FAB6D /* talk_btn_emoji@2x.png in Resources */ = {isa = PBXBuildFile; fileRef = 830651841B53D30D004FAB6D /* talk_btn_emoji@2x.png */; };
		8306519E1B53D30D004FAB6D /* talk_btn_emoji_on@2x.png in Resources */ = {isa = PBXBuildFile; fileRef = 830651851B53D30D004FAB6D /* talk_btn_emoji_on@2x.png */; };
		8306519F1B53D30D004FAB6D /* talk_btn_keyboard@2x.png in Resources */ = {isa = PBXBuildFile; fileRef = 830651861B53D30D004FAB6D /* talk_btn_keyboard@2x.png */; };
		830651A01B53D30D004FAB6D /* talk_btn_keyboard_on@2x.png in Resources */ = {isa = PBXBuildFile; fileRef = 830651871B53D30D004FAB6D /* talk_btn_keyboard_on@2x.png */; };
		830651A11B53D30D004FAB6D /* talk_btn_more@2x.png in Resources */ = {isa = PBXBuildFile; fileRef = 830651881B53D30D004FAB6D /* talk_btn_more@2x.png */; };
		830651A21B53D30D004FAB6D /* talk_btn_more_on@2x.png in Resources */ = {isa = PBXBuildFile; fileRef = 830651891B53D30D004FAB6D /* talk_btn_more_on@2x.png */; };
		830651A31B53D30D004FAB6D /* talk_btn_voice@2x.png in Resources */ = {isa = PBXBuildFile; fileRef = 8306518A1B53D30D004FAB6D /* talk_btn_voice@2x.png */; };
		830651A41B53D30D004FAB6D /* talk_btn_voice_on@2x.png in Resources */ = {isa = PBXBuildFile; fileRef = 8306518B1B53D30D004FAB6D /* talk_btn_voice_on@2x.png */; };
		830651A51B53D30D004FAB6D /* bubble_left@3x.png in Resources */ = {isa = PBXBuildFile; fileRef = 8306518D1B53D30D004FAB6D /* bubble_left@3x.png */; };
		830651A61B53D30D004FAB6D /* bubble_left_down@3x.png in Resources */ = {isa = PBXBuildFile; fileRef = 8306518E1B53D30D004FAB6D /* bubble_left_down@3x.png */; };
		830651A71B53D30D004FAB6D /* bubble_right@3x.png in Resources */ = {isa = PBXBuildFile; fileRef = 8306518F1B53D30D004FAB6D /* bubble_right@3x.png */; };
		830651A81B53D30D004FAB6D /* bubble_right_down@3x.png in Resources */ = {isa = PBXBuildFile; fileRef = 830651901B53D30D004FAB6D /* bubble_right_down@3x.png */; };
		830651A91B53D30D004FAB6D /* talk_btn_emoji@3x.png in Resources */ = {isa = PBXBuildFile; fileRef = 830651911B53D30D004FAB6D /* talk_btn_emoji@3x.png */; };
		830651AA1B53D30D004FAB6D /* talk_btn_emoji_on@3x.png in Resources */ = {isa = PBXBuildFile; fileRef = 830651921B53D30D004FAB6D /* talk_btn_emoji_on@3x.png */; };
		830651AB1B53D30D004FAB6D /* talk_btn_keyboard@3x.png in Resources */ = {isa = PBXBuildFile; fileRef = 830651931B53D30D004FAB6D /* talk_btn_keyboard@3x.png */; };
		830651AC1B53D30D004FAB6D /* talk_btn_keyboard_on@3x.png in Resources */ = {isa = PBXBuildFile; fileRef = 830651941B53D30D004FAB6D /* talk_btn_keyboard_on@3x.png */; };
		830651AD1B53D30D004FAB6D /* talk_btn_more@3x.png in Resources */ = {isa = PBXBuildFile; fileRef = 830651951B53D30D004FAB6D /* talk_btn_more@3x.png */; };
		830651AE1B53D30D004FAB6D /* talk_btn_more_on@3x.png in Resources */ = {isa = PBXBuildFile; fileRef = 830651961B53D30D004FAB6D /* talk_btn_more_on@3x.png */; };
		830651AF1B53D30D004FAB6D /* talk_btn_voice@3x.png in Resources */ = {isa = PBXBuildFile; fileRef = 830651971B53D30D004FAB6D /* talk_btn_voice@3x.png */; };
		830651B01B53D30D004FAB6D /* talk_btn_voice_on@3x.png in Resources */ = {isa = PBXBuildFile; fileRef = 830651981B53D30D004FAB6D /* talk_btn_voice_on@3x.png */; };
		830651B31B53DAA1004FAB6D /* RHMiddleView.m in Sources */ = {isa = PBXBuildFile; fileRef = 830651B21B53DAA1004FAB6D /* RHMiddleView.m */; };
		8347C89D1B58FC51000B1519 /* RHToolItemView.m in Sources */ = {isa = PBXBuildFile; fileRef = 8347C89C1B58FC51000B1519 /* RHToolItemView.m */; };
		8347C8A01B590409000B1519 /* RHTalkInputBar.m in Sources */ = {isa = PBXBuildFile; fileRef = 8347C89F1B590409000B1519 /* RHTalkInputBar.m */; };
		8347C8A31B59220D000B1519 /* RHVoiceView.m in Sources */ = {isa = PBXBuildFile; fileRef = 8347C8A21B59220D000B1519 /* RHVoiceView.m */; };
		8347C8A61B59221D000B1519 /* RHEmojiView.m in Sources */ = {isa = PBXBuildFile; fileRef = 8347C8A51B59221D000B1519 /* RHEmojiView.m */; };
		835A66711B67A92100E81FC9 /* RHMapView.m in Sources */ = {isa = PBXBuildFile; fileRef = 835A666A1B67A92100E81FC9 /* RHMapView.m */; };
		835A66721B67A92100E81FC9 /* RHMapViewManager.m in Sources */ = {isa = PBXBuildFile; fileRef = 835A666C1B67A92100E81FC9 /* RHMapViewManager.m */; };
		835A66731B67A92100E81FC9 /* RHPointAnnotation.m in Sources */ = {isa = PBXBuildFile; fileRef = 835A666E1B67A92100E81FC9 /* RHPointAnnotation.m */; };
		835A66741B67A92100E81FC9 /* RHPolyline.m in Sources */ = {isa = PBXBuildFile; fileRef = 835A66701B67A92100E81FC9 /* RHPolyline.m */; };
		836356E01B4E223E0087B4EC /* RHStretchTableView.m in Sources */ = {isa = PBXBuildFile; fileRef = 836356DF1B4E223E0087B4EC /* RHStretchTableView.m */; };
		8369125A1C0808F80021541F /* RHViewController.m in Sources */ = {isa = PBXBuildFile; fileRef = 836912591C0808F80021541F /* RHViewController.m */; };
		8369125D1C08092D0021541F /* RHNavigationController.m in Sources */ = {isa = PBXBuildFile; fileRef = 8369125C1C08092D0021541F /* RHNavigationController.m */; };
		8379E03A1B529F6900C3B6DD /* RHLeftViewController.m in Sources */ = {isa = PBXBuildFile; fileRef = 8379E0391B529F6900C3B6DD /* RHLeftViewController.m */; };
		8379E03D1B529F7A00C3B6DD /* RHMiddleViewController.m in Sources */ = {isa = PBXBuildFile; fileRef = 8379E03C1B529F7A00C3B6DD /* RHMiddleViewController.m */; };
		8379E0431B52A38000C3B6DD /* RHLeftView.m in Sources */ = {isa = PBXBuildFile; fileRef = 8379E0421B52A38000C3B6DD /* RHLeftView.m */; };
		8379E0461B52A3A100C3B6DD /* RHLeftViewAdapter.m in Sources */ = {isa = PBXBuildFile; fileRef = 8379E0451B52A3A100C3B6DD /* RHLeftViewAdapter.m */; };
		8379E0491B52A48E00C3B6DD /* RHLeftViewCell.m in Sources */ = {isa = PBXBuildFile; fileRef = 8379E0481B52A48E00C3B6DD /* RHLeftViewCell.m */; };
		837A133B1B5CA5F800DF44AC /* NSData+AES.m in Sources */ = {isa = PBXBuildFile; fileRef = 837A133A1B5CA5F800DF44AC /* NSData+AES.m */; };
		837A133E1B5CAAA300DF44AC /* NSData+RSA.m in Sources */ = {isa = PBXBuildFile; fileRef = 837A133D1B5CAAA300DF44AC /* NSData+RSA.m */; };
		837A13501B5E688900DF44AC /* pkcs8_private_key.pem in Resources */ = {isa = PBXBuildFile; fileRef = 837A13491B5E688900DF44AC /* pkcs8_private_key.pem */; };
		837A13511B5E688900DF44AC /* private_key.p12 in Resources */ = {isa = PBXBuildFile; fileRef = 837A134A1B5E688900DF44AC /* private_key.p12 */; };
		837A13521B5E688900DF44AC /* private_key.pem in Resources */ = {isa = PBXBuildFile; fileRef = 837A134B1B5E688900DF44AC /* private_key.pem */; };
		837A13531B5E688900DF44AC /* public_key.der in Resources */ = {isa = PBXBuildFile; fileRef = 837A134C1B5E688900DF44AC /* public_key.der */; };
		837A13541B5E688900DF44AC /* rsa_public_key.pem in Resources */ = {isa = PBXBuildFile; fileRef = 837A134D1B5E688900DF44AC /* rsa_public_key.pem */; };
		837A13551B5E688900DF44AC /* rsaCert.crt in Resources */ = {isa = PBXBuildFile; fileRef = 837A134E1B5E688900DF44AC /* rsaCert.crt */; };
		837A13561B5E688900DF44AC /* rsaCertReq.csr in Resources */ = {isa = PBXBuildFile; fileRef = 837A134F1B5E688900DF44AC /* rsaCertReq.csr */; };
		837A135D1B60AA9600DF44AC /* RHActivityIndicatorView.m in Sources */ = {isa = PBXBuildFile; fileRef = 837A135C1B60AA9600DF44AC /* RHActivityIndicatorView.m */; };
		837A13601B60AAAD00DF44AC /* RHPlayingIndicatorView.m in Sources */ = {isa = PBXBuildFile; fileRef = 837A135F1B60AAAD00DF44AC /* RHPlayingIndicatorView.m */; };
		837A13631B60CA3E00DF44AC /* RHCircularIndicatorView.m in Sources */ = {isa = PBXBuildFile; fileRef = 837A13621B60CA3E00DF44AC /* RHCircularIndicatorView.m */; };
		837A13661B60CE1E00DF44AC /* RHCircularProgressLayer.m in Sources */ = {isa = PBXBuildFile; fileRef = 837A13651B60CE1E00DF44AC /* RHCircularProgressLayer.m */; };
		837A13691B60CEE200DF44AC /* RHCircularProgressView.m in Sources */ = {isa = PBXBuildFile; fileRef = 837A13681B60CEE200DF44AC /* RHCircularProgressView.m */; };
		837A136C1B60F33200DF44AC /* stylesheet.cas in Resources */ = {isa = PBXBuildFile; fileRef = 837A136B1B60F33200DF44AC /* stylesheet.cas */; };
		837A136F1B61066300DF44AC /* LiveView.m in Sources */ = {isa = PBXBuildFile; fileRef = 837A136E1B61066300DF44AC /* LiveView.m */; };
		83B94BBA1B50CA000068D6E7 /* RHTalkViewController.m in Sources */ = {isa = PBXBuildFile; fileRef = 83B94BB91B50CA000068D6E7 /* RHTalkViewController.m */; };
		83B94BBD1B50CA0F0068D6E7 /* RHTalkView.m in Sources */ = {isa = PBXBuildFile; fileRef = 83B94BBC1B50CA0F0068D6E7 /* RHTalkView.m */; };
		83B94BC01B50CB380068D6E7 /* RHTalkViewAdapter.m in Sources */ = {isa = PBXBuildFile; fileRef = 83B94BBF1B50CB380068D6E7 /* RHTalkViewAdapter.m */; };
		83B94BD11B50CB780068D6E7 /* RHMessageBaseCell.m in Sources */ = {isa = PBXBuildFile; fileRef = 83B94BC31B50CB780068D6E7 /* RHMessageBaseCell.m */; };
		83B94BD21B50CB780068D6E7 /* RHMessageCell.m in Sources */ = {isa = PBXBuildFile; fileRef = 83B94BC51B50CB780068D6E7 /* RHMessageCell.m */; };
		83B94BD31B50CB780068D6E7 /* RHMessageImageCell.m in Sources */ = {isa = PBXBuildFile; fileRef = 83B94BC71B50CB780068D6E7 /* RHMessageImageCell.m */; };
		83B94BD41B50CB780068D6E7 /* RHMessageTextCell.m in Sources */ = {isa = PBXBuildFile; fileRef = 83B94BC91B50CB780068D6E7 /* RHMessageTextCell.m */; };
		83B94BD51B50CB780068D6E7 /* RHMessageTipCell.m in Sources */ = {isa = PBXBuildFile; fileRef = 83B94BCB1B50CB780068D6E7 /* RHMessageTipCell.m */; };
		83B94BD61B50CB780068D6E7 /* RHMessageData.m in Sources */ = {isa = PBXBuildFile; fileRef = 83B94BCE1B50CB780068D6E7 /* RHMessageData.m */; };
		83B94BD71B50CB780068D6E7 /* RHTextMessage.m in Sources */ = {isa = PBXBuildFile; fileRef = 83B94BD01B50CB780068D6E7 /* RHTextMessage.m */; };
		83B94BDA1B50D0260068D6E7 /* RHImageMessage.m in Sources */ = {isa = PBXBuildFile; fileRef = 83B94BD91B50D0260068D6E7 /* RHImageMessage.m */; };
		83B94BF51B5129380068D6E7 /* tip_bg@2x.png in Resources */ = {isa = PBXBuildFile; fileRef = 83B94BF41B5129380068D6E7 /* tip_bg@2x.png */; };
		83B94BF81B512A180068D6E7 /* RHTipMessage.m in Sources */ = {isa = PBXBuildFile; fileRef = 83B94BF71B512A180068D6E7 /* RHTipMessage.m */; };
		83B94BFB1B512E9E0068D6E7 /* RHAudioMessage.m in Sources */ = {isa = PBXBuildFile; fileRef = 83B94BFA1B512E9E0068D6E7 /* RHAudioMessage.m */; };
		83B94BFE1B512EF90068D6E7 /* RHMessageAudioCell.m in Sources */ = {isa = PBXBuildFile; fileRef = 83B94BFD1B512EF90068D6E7 /* RHMessageAudioCell.m */; };
		83BAB9D11B6228830056FEB4 /* RHRefreshView.m in Sources */ = {isa = PBXBuildFile; fileRef = 83BAB9D01B6228830056FEB4 /* RHRefreshView.m */; };
		83BAB9D41B623BF80056FEB4 /* RHCircularRefreshView.m in Sources */ = {isa = PBXBuildFile; fileRef = 83BAB9D31B623BF80056FEB4 /* RHCircularRefreshView.m */; };
		83BAB9D81B6252BA0056FEB4 /* RootViewController.m in Sources */ = {isa = PBXBuildFile; fileRef = 83BAB9D71B6252BA0056FEB4 /* RootViewController.m */; };
		83E85FFA1B49085A00A56D6F /* main.m in Sources */ = {isa = PBXBuildFile; fileRef = 83E85FF91B49085A00A56D6F /* main.m */; };
		83E85FFD1B49085A00A56D6F /* AppDelegate.m in Sources */ = {isa = PBXBuildFile; fileRef = 83E85FFC1B49085A00A56D6F /* AppDelegate.m */; };
		83E860001B49085A00A56D6F /* ViewController.m in Sources */ = {isa = PBXBuildFile; fileRef = 83E85FFF1B49085A00A56D6F /* ViewController.m */; };
		83E860051B49085A00A56D6F /* Images.xcassets in Resources */ = {isa = PBXBuildFile; fileRef = 83E860041B49085A00A56D6F /* Images.xcassets */; };
		83E860081B49085A00A56D6F /* LaunchScreen.xib in Resources */ = {isa = PBXBuildFile; fileRef = 83E860061B49085A00A56D6F /* LaunchScreen.xib */; };
		83E860141B49085A00A56D6F /* RHToolkitsDemoTests.m in Sources */ = {isa = PBXBuildFile; fileRef = 83E860131B49085A00A56D6F /* RHToolkitsDemoTests.m */; };
		83E860761B490D9F00A56D6F /* libopencore-amrnb.a in Frameworks */ = {isa = PBXBuildFile; fileRef = 83E860281B490D9E00A56D6F /* libopencore-amrnb.a */; };
		83E860771B490D9F00A56D6F /* libopencore-amrwb.a in Frameworks */ = {isa = PBXBuildFile; fileRef = 83E860291B490D9E00A56D6F /* libopencore-amrwb.a */; };
		83E860781B490D9F00A56D6F /* libmp3lame.a in Frameworks */ = {isa = PBXBuildFile; fileRef = 83E8602C1B490D9E00A56D6F /* libmp3lame.a */; };
		83E860791B490D9F00A56D6F /* RHAudioPlayer.m in Sources */ = {isa = PBXBuildFile; fileRef = 83E860301B490D9E00A56D6F /* RHAudioPlayer.m */; };
		83E8607A1B490D9F00A56D6F /* RHAudioAmrOutput.m in Sources */ = {isa = PBXBuildFile; fileRef = 83E860331B490D9E00A56D6F /* RHAudioAmrOutput.m */; };
		83E8607B1B490D9F00A56D6F /* RHAudioCafOutput.m in Sources */ = {isa = PBXBuildFile; fileRef = 83E860351B490D9E00A56D6F /* RHAudioCafOutput.m */; };
		83E8607C1B490D9F00A56D6F /* RHAudioMp3Output.m in Sources */ = {isa = PBXBuildFile; fileRef = 83E860371B490D9E00A56D6F /* RHAudioMp3Output.m */; };
		83E8607D1B490D9F00A56D6F /* RHAudioRecorder.m in Sources */ = {isa = PBXBuildFile; fileRef = 83E8603A1B490D9E00A56D6F /* RHAudioRecorder.m */; };
		83E8607E1B490D9F00A56D6F /* NSData+App.m in Sources */ = {isa = PBXBuildFile; fileRef = 83E8603D1B490D9E00A56D6F /* NSData+App.m */; };
		83E8607F1B490D9F00A56D6F /* NSDate+App.m in Sources */ = {isa = PBXBuildFile; fileRef = 83E8603F1B490D9E00A56D6F /* NSDate+App.m */; };
		83E860801B490D9F00A56D6F /* NSFileManager+App.m in Sources */ = {isa = PBXBuildFile; fileRef = 83E860411B490D9E00A56D6F /* NSFileManager+App.m */; };
		83E860811B490D9F00A56D6F /* NSNull+App.m in Sources */ = {isa = PBXBuildFile; fileRef = 83E860431B490D9E00A56D6F /* NSNull+App.m */; };
		83E860821B490D9F00A56D6F /* NSObject+Log.m in Sources */ = {isa = PBXBuildFile; fileRef = 83E860451B490D9E00A56D6F /* NSObject+Log.m */; };
		83E860831B490D9F00A56D6F /* NSString+App.m in Sources */ = {isa = PBXBuildFile; fileRef = 83E860471B490D9E00A56D6F /* NSString+App.m */; };
		83E860841B490D9F00A56D6F /* UIColor+App.m in Sources */ = {isa = PBXBuildFile; fileRef = 83E860491B490D9E00A56D6F /* UIColor+App.m */; };
		83E860851B490D9F00A56D6F /* UIDevice+App.m in Sources */ = {isa = PBXBuildFile; fileRef = 83E8604B1B490D9E00A56D6F /* UIDevice+App.m */; };
		83E860861B490D9F00A56D6F /* UIFont+App.m in Sources */ = {isa = PBXBuildFile; fileRef = 83E8604D1B490D9E00A56D6F /* UIFont+App.m */; };
		83E860871B490D9F00A56D6F /* UIImage+App.m in Sources */ = {isa = PBXBuildFile; fileRef = 83E8604F1B490D9E00A56D6F /* UIImage+App.m */; };
		83E8608F1B490D9F00A56D6F /* RHHeadImageCell.m in Sources */ = {isa = PBXBuildFile; fileRef = 83E860631B490D9F00A56D6F /* RHHeadImageCell.m */; };
		83E860901B490D9F00A56D6F /* RHTableView.m in Sources */ = {isa = PBXBuildFile; fileRef = 83E860651B490D9F00A56D6F /* RHTableView.m */; };
		83E860911B490D9F00A56D6F /* RHTableViewAdapter.m in Sources */ = {isa = PBXBuildFile; fileRef = 83E860671B490D9F00A56D6F /* RHTableViewAdapter.m */; };
		83E860921B490D9F00A56D6F /* RHTableViewCell.m in Sources */ = {isa = PBXBuildFile; fileRef = 83E860691B490D9F00A56D6F /* RHTableViewCell.m */; };
		83E860931B490D9F00A56D6F /* RHConcurrentQueue.m in Sources */ = {isa = PBXBuildFile; fileRef = 83E8606C1B490D9F00A56D6F /* RHConcurrentQueue.m */; };
		83E860941B490D9F00A56D6F /* RHQueue.m in Sources */ = {isa = PBXBuildFile; fileRef = 83E8606E1B490D9F00A56D6F /* RHQueue.m */; };
		83E860951B490D9F00A56D6F /* RHSerialQueue.m in Sources */ = {isa = PBXBuildFile; fileRef = 83E860721B490D9F00A56D6F /* RHSerialQueue.m */; };
		83E860961B490D9F00A56D6F /* RHTask.m in Sources */ = {isa = PBXBuildFile; fileRef = 83E860741B490D9F00A56D6F /* RHTask.m */; };
		83EECEB81B4BB36A00F60B27 /* RHToastView.m in Sources */ = {isa = PBXBuildFile; fileRef = 83EECEB71B4BB36A00F60B27 /* RHToastView.m */; };
		83EECEBB1B4BEAD500F60B27 /* UIView+RHToast.m in Sources */ = {isa = PBXBuildFile; fileRef = 83EECEBA1B4BEAD500F60B27 /* UIView+RHToast.m */; };
		83EECEBF1B4BF7E900F60B27 /* UIView+RHLoading.m in Sources */ = {isa = PBXBuildFile; fileRef = 83EECEBE1B4BF7E900F60B27 /* UIView+RHLoading.m */; };
		83F032C91B55FFF600AAD650 /* RHToolItem.m in Sources */ = {isa = PBXBuildFile; fileRef = 83F032C81B55FFF600AAD650 /* RHToolItem.m */; };
		83F032D41B563E7A00AAD650 /* RHToolView.m in Sources */ = {isa = PBXBuildFile; fileRef = 83F032D31B563E7A00AAD650 /* RHToolView.m */; };
/* End PBXBuildFile section */

/* Begin PBXContainerItemProxy section */
		83E8600E1B49085A00A56D6F /* PBXContainerItemProxy */ = {
			isa = PBXContainerItemProxy;
			containerPortal = 83E85FEC1B49085A00A56D6F /* Project object */;
			proxyType = 1;
			remoteGlobalIDString = 83E85FF31B49085A00A56D6F;
			remoteInfo = RHToolkitsDemo;
		};
/* End PBXContainerItemProxy section */

/* Begin PBXFileReference section */
		5AB6107C49065E8E307E0D8A /* Pods.debug.xcconfig */ = {isa = PBXFileReference; includeInIndex = 1; lastKnownFileType = text.xcconfig; name = Pods.debug.xcconfig; path = "Pods/Target Support Files/Pods/Pods.debug.xcconfig"; sourceTree = "<group>"; };
		5D9884DD6C1CD0E70258A7A6 /* Pods.release.xcconfig */ = {isa = PBXFileReference; includeInIndex = 1; lastKnownFileType = text.xcconfig; name = Pods.release.xcconfig; path = "Pods/Target Support Files/Pods/Pods.release.xcconfig"; sourceTree = "<group>"; };
		8306515A1B53C0FF004FAB6D /* RHTalkInputView.h */ = {isa = PBXFileReference; fileEncoding = 4; lastKnownFileType = sourcecode.c.h; path = RHTalkInputView.h; sourceTree = "<group>"; };
		8306515B1B53C0FF004FAB6D /* RHTalkInputView.m */ = {isa = PBXFileReference; fileEncoding = 4; lastKnownFileType = sourcecode.c.objc; path = RHTalkInputView.m; sourceTree = "<group>"; };
		830651801B53D30D004FAB6D /* bubble_left@2x.png */ = {isa = PBXFileReference; lastKnownFileType = image.png; path = "bubble_left@2x.png"; sourceTree = "<group>"; };
		830651811B53D30D004FAB6D /* bubble_left_down@2x.png */ = {isa = PBXFileReference; lastKnownFileType = image.png; path = "bubble_left_down@2x.png"; sourceTree = "<group>"; };
		830651821B53D30D004FAB6D /* bubble_right@2x.png */ = {isa = PBXFileReference; lastKnownFileType = image.png; path = "bubble_right@2x.png"; sourceTree = "<group>"; };
		830651831B53D30D004FAB6D /* bubble_right_down@2x.png */ = {isa = PBXFileReference; lastKnownFileType = image.png; path = "bubble_right_down@2x.png"; sourceTree = "<group>"; };
		830651841B53D30D004FAB6D /* talk_btn_emoji@2x.png */ = {isa = PBXFileReference; lastKnownFileType = image.png; path = "talk_btn_emoji@2x.png"; sourceTree = "<group>"; };
		830651851B53D30D004FAB6D /* talk_btn_emoji_on@2x.png */ = {isa = PBXFileReference; lastKnownFileType = image.png; path = "talk_btn_emoji_on@2x.png"; sourceTree = "<group>"; };
		830651861B53D30D004FAB6D /* talk_btn_keyboard@2x.png */ = {isa = PBXFileReference; lastKnownFileType = image.png; path = "talk_btn_keyboard@2x.png"; sourceTree = "<group>"; };
		830651871B53D30D004FAB6D /* talk_btn_keyboard_on@2x.png */ = {isa = PBXFileReference; lastKnownFileType = image.png; path = "talk_btn_keyboard_on@2x.png"; sourceTree = "<group>"; };
		830651881B53D30D004FAB6D /* talk_btn_more@2x.png */ = {isa = PBXFileReference; lastKnownFileType = image.png; path = "talk_btn_more@2x.png"; sourceTree = "<group>"; };
		830651891B53D30D004FAB6D /* talk_btn_more_on@2x.png */ = {isa = PBXFileReference; lastKnownFileType = image.png; path = "talk_btn_more_on@2x.png"; sourceTree = "<group>"; };
		8306518A1B53D30D004FAB6D /* talk_btn_voice@2x.png */ = {isa = PBXFileReference; lastKnownFileType = image.png; path = "talk_btn_voice@2x.png"; sourceTree = "<group>"; };
		8306518B1B53D30D004FAB6D /* talk_btn_voice_on@2x.png */ = {isa = PBXFileReference; lastKnownFileType = image.png; path = "talk_btn_voice_on@2x.png"; sourceTree = "<group>"; };
		8306518D1B53D30D004FAB6D /* bubble_left@3x.png */ = {isa = PBXFileReference; lastKnownFileType = image.png; path = "bubble_left@3x.png"; sourceTree = "<group>"; };
		8306518E1B53D30D004FAB6D /* bubble_left_down@3x.png */ = {isa = PBXFileReference; lastKnownFileType = image.png; path = "bubble_left_down@3x.png"; sourceTree = "<group>"; };
		8306518F1B53D30D004FAB6D /* bubble_right@3x.png */ = {isa = PBXFileReference; lastKnownFileType = image.png; path = "bubble_right@3x.png"; sourceTree = "<group>"; };
		830651901B53D30D004FAB6D /* bubble_right_down@3x.png */ = {isa = PBXFileReference; lastKnownFileType = image.png; path = "bubble_right_down@3x.png"; sourceTree = "<group>"; };
		830651911B53D30D004FAB6D /* talk_btn_emoji@3x.png */ = {isa = PBXFileReference; lastKnownFileType = image.png; path = "talk_btn_emoji@3x.png"; sourceTree = "<group>"; };
		830651921B53D30D004FAB6D /* talk_btn_emoji_on@3x.png */ = {isa = PBXFileReference; lastKnownFileType = image.png; path = "talk_btn_emoji_on@3x.png"; sourceTree = "<group>"; };
		830651931B53D30D004FAB6D /* talk_btn_keyboard@3x.png */ = {isa = PBXFileReference; lastKnownFileType = image.png; path = "talk_btn_keyboard@3x.png"; sourceTree = "<group>"; };
		830651941B53D30D004FAB6D /* talk_btn_keyboard_on@3x.png */ = {isa = PBXFileReference; lastKnownFileType = image.png; path = "talk_btn_keyboard_on@3x.png"; sourceTree = "<group>"; };
		830651951B53D30D004FAB6D /* talk_btn_more@3x.png */ = {isa = PBXFileReference; lastKnownFileType = image.png; path = "talk_btn_more@3x.png"; sourceTree = "<group>"; };
		830651961B53D30D004FAB6D /* talk_btn_more_on@3x.png */ = {isa = PBXFileReference; lastKnownFileType = image.png; path = "talk_btn_more_on@3x.png"; sourceTree = "<group>"; };
		830651971B53D30D004FAB6D /* talk_btn_voice@3x.png */ = {isa = PBXFileReference; lastKnownFileType = image.png; path = "talk_btn_voice@3x.png"; sourceTree = "<group>"; };
		830651981B53D30D004FAB6D /* talk_btn_voice_on@3x.png */ = {isa = PBXFileReference; lastKnownFileType = image.png; path = "talk_btn_voice_on@3x.png"; sourceTree = "<group>"; };
		830651B11B53DAA1004FAB6D /* RHMiddleView.h */ = {isa = PBXFileReference; fileEncoding = 4; lastKnownFileType = sourcecode.c.h; path = RHMiddleView.h; sourceTree = "<group>"; };
		830651B21B53DAA1004FAB6D /* RHMiddleView.m */ = {isa = PBXFileReference; fileEncoding = 4; lastKnownFileType = sourcecode.c.objc; path = RHMiddleView.m; sourceTree = "<group>"; };
		8347C89B1B58FC51000B1519 /* RHToolItemView.h */ = {isa = PBXFileReference; fileEncoding = 4; lastKnownFileType = sourcecode.c.h; path = RHToolItemView.h; sourceTree = "<group>"; };
		8347C89C1B58FC51000B1519 /* RHToolItemView.m */ = {isa = PBXFileReference; fileEncoding = 4; lastKnownFileType = sourcecode.c.objc; path = RHToolItemView.m; sourceTree = "<group>"; };
		8347C89E1B590409000B1519 /* RHTalkInputBar.h */ = {isa = PBXFileReference; fileEncoding = 4; lastKnownFileType = sourcecode.c.h; path = RHTalkInputBar.h; sourceTree = "<group>"; };
		8347C89F1B590409000B1519 /* RHTalkInputBar.m */ = {isa = PBXFileReference; fileEncoding = 4; lastKnownFileType = sourcecode.c.objc; path = RHTalkInputBar.m; sourceTree = "<group>"; };
		8347C8A11B59220D000B1519 /* RHVoiceView.h */ = {isa = PBXFileReference; fileEncoding = 4; lastKnownFileType = sourcecode.c.h; path = RHVoiceView.h; sourceTree = "<group>"; };
		8347C8A21B59220D000B1519 /* RHVoiceView.m */ = {isa = PBXFileReference; fileEncoding = 4; lastKnownFileType = sourcecode.c.objc; path = RHVoiceView.m; sourceTree = "<group>"; };
		8347C8A41B59221D000B1519 /* RHEmojiView.h */ = {isa = PBXFileReference; fileEncoding = 4; lastKnownFileType = sourcecode.c.h; path = RHEmojiView.h; sourceTree = "<group>"; };
		8347C8A51B59221D000B1519 /* RHEmojiView.m */ = {isa = PBXFileReference; fileEncoding = 4; lastKnownFileType = sourcecode.c.objc; path = RHEmojiView.m; sourceTree = "<group>"; };
		835A66681B67A92100E81FC9 /* RHMapConfig.h */ = {isa = PBXFileReference; fileEncoding = 4; lastKnownFileType = sourcecode.c.h; path = RHMapConfig.h; sourceTree = "<group>"; };
		835A66691B67A92100E81FC9 /* RHMapView.h */ = {isa = PBXFileReference; fileEncoding = 4; lastKnownFileType = sourcecode.c.h; path = RHMapView.h; sourceTree = "<group>"; };
		835A666A1B67A92100E81FC9 /* RHMapView.m */ = {isa = PBXFileReference; fileEncoding = 4; lastKnownFileType = sourcecode.c.objc; path = RHMapView.m; sourceTree = "<group>"; };
		835A666B1B67A92100E81FC9 /* RHMapViewManager.h */ = {isa = PBXFileReference; fileEncoding = 4; lastKnownFileType = sourcecode.c.h; path = RHMapViewManager.h; sourceTree = "<group>"; };
		835A666C1B67A92100E81FC9 /* RHMapViewManager.m */ = {isa = PBXFileReference; fileEncoding = 4; lastKnownFileType = sourcecode.c.objc; path = RHMapViewManager.m; sourceTree = "<group>"; };
		835A666D1B67A92100E81FC9 /* RHPointAnnotation.h */ = {isa = PBXFileReference; fileEncoding = 4; lastKnownFileType = sourcecode.c.h; path = RHPointAnnotation.h; sourceTree = "<group>"; };
		835A666E1B67A92100E81FC9 /* RHPointAnnotation.m */ = {isa = PBXFileReference; fileEncoding = 4; lastKnownFileType = sourcecode.c.objc; path = RHPointAnnotation.m; sourceTree = "<group>"; };
		835A666F1B67A92100E81FC9 /* RHPolyline.h */ = {isa = PBXFileReference; fileEncoding = 4; lastKnownFileType = sourcecode.c.h; path = RHPolyline.h; sourceTree = "<group>"; };
		835A66701B67A92100E81FC9 /* RHPolyline.m */ = {isa = PBXFileReference; fileEncoding = 4; lastKnownFileType = sourcecode.c.objc; path = RHPolyline.m; sourceTree = "<group>"; };
		836356DE1B4E223E0087B4EC /* RHStretchTableView.h */ = {isa = PBXFileReference; fileEncoding = 4; lastKnownFileType = sourcecode.c.h; path = RHStretchTableView.h; sourceTree = "<group>"; };
		836356DF1B4E223E0087B4EC /* RHStretchTableView.m */ = {isa = PBXFileReference; fileEncoding = 4; lastKnownFileType = sourcecode.c.objc; path = RHStretchTableView.m; sourceTree = "<group>"; };
		836912581C0808F80021541F /* RHViewController.h */ = {isa = PBXFileReference; fileEncoding = 4; lastKnownFileType = sourcecode.c.h; path = RHViewController.h; sourceTree = "<group>"; };
		836912591C0808F80021541F /* RHViewController.m */ = {isa = PBXFileReference; fileEncoding = 4; lastKnownFileType = sourcecode.c.objc; path = RHViewController.m; sourceTree = "<group>"; };
		8369125B1C08092D0021541F /* RHNavigationController.h */ = {isa = PBXFileReference; fileEncoding = 4; lastKnownFileType = sourcecode.c.h; path = RHNavigationController.h; sourceTree = "<group>"; };
		8369125C1C08092D0021541F /* RHNavigationController.m */ = {isa = PBXFileReference; fileEncoding = 4; lastKnownFileType = sourcecode.c.objc; path = RHNavigationController.m; sourceTree = "<group>"; };
		8379E0381B529F6900C3B6DD /* RHLeftViewController.h */ = {isa = PBXFileReference; fileEncoding = 4; lastKnownFileType = sourcecode.c.h; path = RHLeftViewController.h; sourceTree = "<group>"; };
		8379E0391B529F6900C3B6DD /* RHLeftViewController.m */ = {isa = PBXFileReference; fileEncoding = 4; lastKnownFileType = sourcecode.c.objc; path = RHLeftViewController.m; sourceTree = "<group>"; };
		8379E03B1B529F7A00C3B6DD /* RHMiddleViewController.h */ = {isa = PBXFileReference; fileEncoding = 4; lastKnownFileType = sourcecode.c.h; path = RHMiddleViewController.h; sourceTree = "<group>"; };
		8379E03C1B529F7A00C3B6DD /* RHMiddleViewController.m */ = {isa = PBXFileReference; fileEncoding = 4; lastKnownFileType = sourcecode.c.objc; path = RHMiddleViewController.m; sourceTree = "<group>"; };
		8379E0411B52A38000C3B6DD /* RHLeftView.h */ = {isa = PBXFileReference; fileEncoding = 4; lastKnownFileType = sourcecode.c.h; path = RHLeftView.h; sourceTree = "<group>"; };
		8379E0421B52A38000C3B6DD /* RHLeftView.m */ = {isa = PBXFileReference; fileEncoding = 4; lastKnownFileType = sourcecode.c.objc; path = RHLeftView.m; sourceTree = "<group>"; };
		8379E0441B52A3A100C3B6DD /* RHLeftViewAdapter.h */ = {isa = PBXFileReference; fileEncoding = 4; lastKnownFileType = sourcecode.c.h; path = RHLeftViewAdapter.h; sourceTree = "<group>"; };
		8379E0451B52A3A100C3B6DD /* RHLeftViewAdapter.m */ = {isa = PBXFileReference; fileEncoding = 4; lastKnownFileType = sourcecode.c.objc; path = RHLeftViewAdapter.m; sourceTree = "<group>"; };
		8379E0471B52A48E00C3B6DD /* RHLeftViewCell.h */ = {isa = PBXFileReference; fileEncoding = 4; lastKnownFileType = sourcecode.c.h; path = RHLeftViewCell.h; sourceTree = "<group>"; };
		8379E0481B52A48E00C3B6DD /* RHLeftViewCell.m */ = {isa = PBXFileReference; fileEncoding = 4; lastKnownFileType = sourcecode.c.objc; path = RHLeftViewCell.m; sourceTree = "<group>"; };
		837A13391B5CA5F800DF44AC /* NSData+AES.h */ = {isa = PBXFileReference; fileEncoding = 4; lastKnownFileType = sourcecode.c.h; path = "NSData+AES.h"; sourceTree = "<group>"; };
		837A133A1B5CA5F800DF44AC /* NSData+AES.m */ = {isa = PBXFileReference; fileEncoding = 4; lastKnownFileType = sourcecode.c.objc; path = "NSData+AES.m"; sourceTree = "<group>"; };
		837A133C1B5CAAA200DF44AC /* NSData+RSA.h */ = {isa = PBXFileReference; fileEncoding = 4; lastKnownFileType = sourcecode.c.h; path = "NSData+RSA.h"; sourceTree = "<group>"; };
		837A133D1B5CAAA300DF44AC /* NSData+RSA.m */ = {isa = PBXFileReference; fileEncoding = 4; lastKnownFileType = sourcecode.c.objc; path = "NSData+RSA.m"; sourceTree = "<group>"; };
		837A13491B5E688900DF44AC /* pkcs8_private_key.pem */ = {isa = PBXFileReference; fileEncoding = 4; lastKnownFileType = text; path = pkcs8_private_key.pem; sourceTree = "<group>"; };
		837A134A1B5E688900DF44AC /* private_key.p12 */ = {isa = PBXFileReference; lastKnownFileType = file; path = private_key.p12; sourceTree = "<group>"; };
		837A134B1B5E688900DF44AC /* private_key.pem */ = {isa = PBXFileReference; fileEncoding = 4; lastKnownFileType = text; path = private_key.pem; sourceTree = "<group>"; };
		837A134C1B5E688900DF44AC /* public_key.der */ = {isa = PBXFileReference; lastKnownFileType = file; path = public_key.der; sourceTree = "<group>"; };
		837A134D1B5E688900DF44AC /* rsa_public_key.pem */ = {isa = PBXFileReference; fileEncoding = 4; lastKnownFileType = text; path = rsa_public_key.pem; sourceTree = "<group>"; };
		837A134E1B5E688900DF44AC /* rsaCert.crt */ = {isa = PBXFileReference; fileEncoding = 4; lastKnownFileType = text; path = rsaCert.crt; sourceTree = "<group>"; };
		837A134F1B5E688900DF44AC /* rsaCertReq.csr */ = {isa = PBXFileReference; fileEncoding = 4; lastKnownFileType = text; path = rsaCertReq.csr; sourceTree = "<group>"; };
		837A135B1B60AA9600DF44AC /* RHActivityIndicatorView.h */ = {isa = PBXFileReference; fileEncoding = 4; lastKnownFileType = sourcecode.c.h; path = RHActivityIndicatorView.h; sourceTree = "<group>"; };
		837A135C1B60AA9600DF44AC /* RHActivityIndicatorView.m */ = {isa = PBXFileReference; fileEncoding = 4; lastKnownFileType = sourcecode.c.objc; path = RHActivityIndicatorView.m; sourceTree = "<group>"; };
		837A135E1B60AAAD00DF44AC /* RHPlayingIndicatorView.h */ = {isa = PBXFileReference; fileEncoding = 4; lastKnownFileType = sourcecode.c.h; path = RHPlayingIndicatorView.h; sourceTree = "<group>"; };
		837A135F1B60AAAD00DF44AC /* RHPlayingIndicatorView.m */ = {isa = PBXFileReference; fileEncoding = 4; lastKnownFileType = sourcecode.c.objc; path = RHPlayingIndicatorView.m; sourceTree = "<group>"; };
		837A13611B60CA3E00DF44AC /* RHCircularIndicatorView.h */ = {isa = PBXFileReference; fileEncoding = 4; lastKnownFileType = sourcecode.c.h; path = RHCircularIndicatorView.h; sourceTree = "<group>"; };
		837A13621B60CA3E00DF44AC /* RHCircularIndicatorView.m */ = {isa = PBXFileReference; fileEncoding = 4; lastKnownFileType = sourcecode.c.objc; path = RHCircularIndicatorView.m; sourceTree = "<group>"; };
		837A13641B60CE1E00DF44AC /* RHCircularProgressLayer.h */ = {isa = PBXFileReference; fileEncoding = 4; lastKnownFileType = sourcecode.c.h; path = RHCircularProgressLayer.h; sourceTree = "<group>"; };
		837A13651B60CE1E00DF44AC /* RHCircularProgressLayer.m */ = {isa = PBXFileReference; fileEncoding = 4; lastKnownFileType = sourcecode.c.objc; path = RHCircularProgressLayer.m; sourceTree = "<group>"; };
		837A13671B60CEE200DF44AC /* RHCircularProgressView.h */ = {isa = PBXFileReference; fileEncoding = 4; lastKnownFileType = sourcecode.c.h; path = RHCircularProgressView.h; sourceTree = "<group>"; };
		837A13681B60CEE200DF44AC /* RHCircularProgressView.m */ = {isa = PBXFileReference; fileEncoding = 4; lastKnownFileType = sourcecode.c.objc; path = RHCircularProgressView.m; sourceTree = "<group>"; };
		837A136B1B60F33200DF44AC /* stylesheet.cas */ = {isa = PBXFileReference; fileEncoding = 4; lastKnownFileType = text; path = stylesheet.cas; sourceTree = "<group>"; };
		837A136D1B61066300DF44AC /* LiveView.h */ = {isa = PBXFileReference; fileEncoding = 4; lastKnownFileType = sourcecode.c.h; path = LiveView.h; sourceTree = "<group>"; };
		837A136E1B61066300DF44AC /* LiveView.m */ = {isa = PBXFileReference; fileEncoding = 4; lastKnownFileType = sourcecode.c.objc; path = LiveView.m; sourceTree = "<group>"; };
		83B94BB81B50CA000068D6E7 /* RHTalkViewController.h */ = {isa = PBXFileReference; fileEncoding = 4; lastKnownFileType = sourcecode.c.h; path = RHTalkViewController.h; sourceTree = "<group>"; };
		83B94BB91B50CA000068D6E7 /* RHTalkViewController.m */ = {isa = PBXFileReference; fileEncoding = 4; lastKnownFileType = sourcecode.c.objc; path = RHTalkViewController.m; sourceTree = "<group>"; };
		83B94BBB1B50CA0F0068D6E7 /* RHTalkView.h */ = {isa = PBXFileReference; fileEncoding = 4; lastKnownFileType = sourcecode.c.h; path = RHTalkView.h; sourceTree = "<group>"; };
		83B94BBC1B50CA0F0068D6E7 /* RHTalkView.m */ = {isa = PBXFileReference; fileEncoding = 4; lastKnownFileType = sourcecode.c.objc; path = RHTalkView.m; sourceTree = "<group>"; };
		83B94BBE1B50CB380068D6E7 /* RHTalkViewAdapter.h */ = {isa = PBXFileReference; fileEncoding = 4; lastKnownFileType = sourcecode.c.h; path = RHTalkViewAdapter.h; sourceTree = "<group>"; };
		83B94BBF1B50CB380068D6E7 /* RHTalkViewAdapter.m */ = {isa = PBXFileReference; fileEncoding = 4; lastKnownFileType = sourcecode.c.objc; path = RHTalkViewAdapter.m; sourceTree = "<group>"; };
		83B94BC21B50CB780068D6E7 /* RHMessageBaseCell.h */ = {isa = PBXFileReference; fileEncoding = 4; lastKnownFileType = sourcecode.c.h; path = RHMessageBaseCell.h; sourceTree = "<group>"; };
		83B94BC31B50CB780068D6E7 /* RHMessageBaseCell.m */ = {isa = PBXFileReference; fileEncoding = 4; lastKnownFileType = sourcecode.c.objc; path = RHMessageBaseCell.m; sourceTree = "<group>"; };
		83B94BC41B50CB780068D6E7 /* RHMessageCell.h */ = {isa = PBXFileReference; fileEncoding = 4; lastKnownFileType = sourcecode.c.h; path = RHMessageCell.h; sourceTree = "<group>"; };
		83B94BC51B50CB780068D6E7 /* RHMessageCell.m */ = {isa = PBXFileReference; fileEncoding = 4; lastKnownFileType = sourcecode.c.objc; path = RHMessageCell.m; sourceTree = "<group>"; };
		83B94BC61B50CB780068D6E7 /* RHMessageImageCell.h */ = {isa = PBXFileReference; fileEncoding = 4; lastKnownFileType = sourcecode.c.h; path = RHMessageImageCell.h; sourceTree = "<group>"; };
		83B94BC71B50CB780068D6E7 /* RHMessageImageCell.m */ = {isa = PBXFileReference; fileEncoding = 4; lastKnownFileType = sourcecode.c.objc; path = RHMessageImageCell.m; sourceTree = "<group>"; };
		83B94BC81B50CB780068D6E7 /* RHMessageTextCell.h */ = {isa = PBXFileReference; fileEncoding = 4; lastKnownFileType = sourcecode.c.h; path = RHMessageTextCell.h; sourceTree = "<group>"; };
		83B94BC91B50CB780068D6E7 /* RHMessageTextCell.m */ = {isa = PBXFileReference; fileEncoding = 4; lastKnownFileType = sourcecode.c.objc; path = RHMessageTextCell.m; sourceTree = "<group>"; };
		83B94BCA1B50CB780068D6E7 /* RHMessageTipCell.h */ = {isa = PBXFileReference; fileEncoding = 4; lastKnownFileType = sourcecode.c.h; path = RHMessageTipCell.h; sourceTree = "<group>"; };
		83B94BCB1B50CB780068D6E7 /* RHMessageTipCell.m */ = {isa = PBXFileReference; fileEncoding = 4; lastKnownFileType = sourcecode.c.objc; path = RHMessageTipCell.m; sourceTree = "<group>"; };
		83B94BCD1B50CB780068D6E7 /* RHMessageData.h */ = {isa = PBXFileReference; fileEncoding = 4; lastKnownFileType = sourcecode.c.h; path = RHMessageData.h; sourceTree = "<group>"; };
		83B94BCE1B50CB780068D6E7 /* RHMessageData.m */ = {isa = PBXFileReference; fileEncoding = 4; lastKnownFileType = sourcecode.c.objc; path = RHMessageData.m; sourceTree = "<group>"; };
		83B94BCF1B50CB780068D6E7 /* RHTextMessage.h */ = {isa = PBXFileReference; fileEncoding = 4; lastKnownFileType = sourcecode.c.h; path = RHTextMessage.h; sourceTree = "<group>"; };
		83B94BD01B50CB780068D6E7 /* RHTextMessage.m */ = {isa = PBXFileReference; fileEncoding = 4; lastKnownFileType = sourcecode.c.objc; path = RHTextMessage.m; sourceTree = "<group>"; };
		83B94BD81B50D0260068D6E7 /* RHImageMessage.h */ = {isa = PBXFileReference; fileEncoding = 4; lastKnownFileType = sourcecode.c.h; path = RHImageMessage.h; sourceTree = "<group>"; };
		83B94BD91B50D0260068D6E7 /* RHImageMessage.m */ = {isa = PBXFileReference; fileEncoding = 4; lastKnownFileType = sourcecode.c.objc; path = RHImageMessage.m; sourceTree = "<group>"; };
		83B94BF41B5129380068D6E7 /* tip_bg@2x.png */ = {isa = PBXFileReference; lastKnownFileType = image.png; path = "tip_bg@2x.png"; sourceTree = "<group>"; };
		83B94BF61B512A180068D6E7 /* RHTipMessage.h */ = {isa = PBXFileReference; fileEncoding = 4; lastKnownFileType = sourcecode.c.h; path = RHTipMessage.h; sourceTree = "<group>"; };
		83B94BF71B512A180068D6E7 /* RHTipMessage.m */ = {isa = PBXFileReference; fileEncoding = 4; lastKnownFileType = sourcecode.c.objc; path = RHTipMessage.m; sourceTree = "<group>"; };
		83B94BF91B512E9E0068D6E7 /* RHAudioMessage.h */ = {isa = PBXFileReference; fileEncoding = 4; lastKnownFileType = sourcecode.c.h; path = RHAudioMessage.h; sourceTree = "<group>"; };
		83B94BFA1B512E9E0068D6E7 /* RHAudioMessage.m */ = {isa = PBXFileReference; fileEncoding = 4; lastKnownFileType = sourcecode.c.objc; path = RHAudioMessage.m; sourceTree = "<group>"; };
		83B94BFC1B512EF90068D6E7 /* RHMessageAudioCell.h */ = {isa = PBXFileReference; fileEncoding = 4; lastKnownFileType = sourcecode.c.h; path = RHMessageAudioCell.h; sourceTree = "<group>"; };
		83B94BFD1B512EF90068D6E7 /* RHMessageAudioCell.m */ = {isa = PBXFileReference; fileEncoding = 4; lastKnownFileType = sourcecode.c.objc; path = RHMessageAudioCell.m; sourceTree = "<group>"; };
		83BAB9CF1B6228830056FEB4 /* RHRefreshView.h */ = {isa = PBXFileReference; fileEncoding = 4; lastKnownFileType = sourcecode.c.h; path = RHRefreshView.h; sourceTree = "<group>"; };
		83BAB9D01B6228830056FEB4 /* RHRefreshView.m */ = {isa = PBXFileReference; fileEncoding = 4; lastKnownFileType = sourcecode.c.objc; path = RHRefreshView.m; sourceTree = "<group>"; };
		83BAB9D21B623BF80056FEB4 /* RHCircularRefreshView.h */ = {isa = PBXFileReference; fileEncoding = 4; lastKnownFileType = sourcecode.c.h; path = RHCircularRefreshView.h; sourceTree = "<group>"; };
		83BAB9D31B623BF80056FEB4 /* RHCircularRefreshView.m */ = {isa = PBXFileReference; fileEncoding = 4; lastKnownFileType = sourcecode.c.objc; path = RHCircularRefreshView.m; sourceTree = "<group>"; };
		83BAB9D61B6252BA0056FEB4 /* RootViewController.h */ = {isa = PBXFileReference; fileEncoding = 4; lastKnownFileType = sourcecode.c.h; path = RootViewController.h; sourceTree = "<group>"; };
		83BAB9D71B6252BA0056FEB4 /* RootViewController.m */ = {isa = PBXFileReference; fileEncoding = 4; lastKnownFileType = sourcecode.c.objc; path = RootViewController.m; sourceTree = "<group>"; };
		83E85FF41B49085A00A56D6F /* RHToolkitsDemo.app */ = {isa = PBXFileReference; explicitFileType = wrapper.application; includeInIndex = 0; path = RHToolkitsDemo.app; sourceTree = BUILT_PRODUCTS_DIR; };
		83E85FF81B49085A00A56D6F /* Info.plist */ = {isa = PBXFileReference; lastKnownFileType = text.plist.xml; path = Info.plist; sourceTree = "<group>"; };
		83E85FF91B49085A00A56D6F /* main.m */ = {isa = PBXFileReference; lastKnownFileType = sourcecode.c.objc; path = main.m; sourceTree = "<group>"; };
		83E85FFB1B49085A00A56D6F /* AppDelegate.h */ = {isa = PBXFileReference; lastKnownFileType = sourcecode.c.h; path = AppDelegate.h; sourceTree = "<group>"; };
		83E85FFC1B49085A00A56D6F /* AppDelegate.m */ = {isa = PBXFileReference; lastKnownFileType = sourcecode.c.objc; path = AppDelegate.m; sourceTree = "<group>"; };
		83E85FFE1B49085A00A56D6F /* ViewController.h */ = {isa = PBXFileReference; lastKnownFileType = sourcecode.c.h; path = ViewController.h; sourceTree = "<group>"; };
		83E85FFF1B49085A00A56D6F /* ViewController.m */ = {isa = PBXFileReference; lastKnownFileType = sourcecode.c.objc; path = ViewController.m; sourceTree = "<group>"; };
		83E860041B49085A00A56D6F /* Images.xcassets */ = {isa = PBXFileReference; lastKnownFileType = folder.assetcatalog; path = Images.xcassets; sourceTree = "<group>"; };
		83E860071B49085A00A56D6F /* Base */ = {isa = PBXFileReference; lastKnownFileType = file.xib; name = Base; path = Base.lproj/LaunchScreen.xib; sourceTree = "<group>"; };
		83E8600D1B49085A00A56D6F /* RHToolkitsDemoTests.xctest */ = {isa = PBXFileReference; explicitFileType = wrapper.cfbundle; includeInIndex = 0; path = RHToolkitsDemoTests.xctest; sourceTree = BUILT_PRODUCTS_DIR; };
		83E860121B49085A00A56D6F /* Info.plist */ = {isa = PBXFileReference; lastKnownFileType = text.plist.xml; path = Info.plist; sourceTree = "<group>"; };
		83E860131B49085A00A56D6F /* RHToolkitsDemoTests.m */ = {isa = PBXFileReference; lastKnownFileType = sourcecode.c.objc; path = RHToolkitsDemoTests.m; sourceTree = "<group>"; };
		83E860221B490D9E00A56D6F /* interf_dec.h */ = {isa = PBXFileReference; fileEncoding = 4; lastKnownFileType = sourcecode.c.h; path = interf_dec.h; sourceTree = "<group>"; };
		83E860231B490D9E00A56D6F /* interf_enc.h */ = {isa = PBXFileReference; fileEncoding = 4; lastKnownFileType = sourcecode.c.h; path = interf_enc.h; sourceTree = "<group>"; };
		83E860251B490D9E00A56D6F /* dec_if.h */ = {isa = PBXFileReference; fileEncoding = 4; lastKnownFileType = sourcecode.c.h; path = dec_if.h; sourceTree = "<group>"; };
		83E860261B490D9E00A56D6F /* if_rom.h */ = {isa = PBXFileReference; fileEncoding = 4; lastKnownFileType = sourcecode.c.h; path = if_rom.h; sourceTree = "<group>"; };
		83E860281B490D9E00A56D6F /* libopencore-amrnb.a */ = {isa = PBXFileReference; lastKnownFileType = archive.ar; path = "libopencore-amrnb.a"; sourceTree = "<group>"; };
		83E860291B490D9E00A56D6F /* libopencore-amrwb.a */ = {isa = PBXFileReference; lastKnownFileType = archive.ar; path = "libopencore-amrwb.a"; sourceTree = "<group>"; };
		83E8602B1B490D9E00A56D6F /* lame.h */ = {isa = PBXFileReference; fileEncoding = 4; lastKnownFileType = sourcecode.c.h; path = lame.h; sourceTree = "<group>"; };
		83E8602C1B490D9E00A56D6F /* libmp3lame.a */ = {isa = PBXFileReference; lastKnownFileType = archive.ar; path = libmp3lame.a; sourceTree = "<group>"; };
		83E8602D1B490D9E00A56D6F /* RHAudioConfig.h */ = {isa = PBXFileReference; fileEncoding = 4; lastKnownFileType = sourcecode.c.h; path = RHAudioConfig.h; sourceTree = "<group>"; };
		83E8602F1B490D9E00A56D6F /* RHAudioPlayer.h */ = {isa = PBXFileReference; fileEncoding = 4; lastKnownFileType = sourcecode.c.h; path = RHAudioPlayer.h; sourceTree = "<group>"; };
		83E860301B490D9E00A56D6F /* RHAudioPlayer.m */ = {isa = PBXFileReference; fileEncoding = 4; lastKnownFileType = sourcecode.c.objc; path = RHAudioPlayer.m; sourceTree = "<group>"; };
		83E860321B490D9E00A56D6F /* RHAudioAmrOutput.h */ = {isa = PBXFileReference; fileEncoding = 4; lastKnownFileType = sourcecode.c.h; path = RHAudioAmrOutput.h; sourceTree = "<group>"; };
		83E860331B490D9E00A56D6F /* RHAudioAmrOutput.m */ = {isa = PBXFileReference; fileEncoding = 4; lastKnownFileType = sourcecode.c.objc; path = RHAudioAmrOutput.m; sourceTree = "<group>"; };
		83E860341B490D9E00A56D6F /* RHAudioCafOutput.h */ = {isa = PBXFileReference; fileEncoding = 4; lastKnownFileType = sourcecode.c.h; path = RHAudioCafOutput.h; sourceTree = "<group>"; };
		83E860351B490D9E00A56D6F /* RHAudioCafOutput.m */ = {isa = PBXFileReference; fileEncoding = 4; lastKnownFileType = sourcecode.c.objc; path = RHAudioCafOutput.m; sourceTree = "<group>"; };
		83E860361B490D9E00A56D6F /* RHAudioMp3Output.h */ = {isa = PBXFileReference; fileEncoding = 4; lastKnownFileType = sourcecode.c.h; path = RHAudioMp3Output.h; sourceTree = "<group>"; };
		83E860371B490D9E00A56D6F /* RHAudioMp3Output.m */ = {isa = PBXFileReference; fileEncoding = 4; lastKnownFileType = sourcecode.c.objc; path = RHAudioMp3Output.m; sourceTree = "<group>"; };
		83E860381B490D9E00A56D6F /* RHAudioOutputDelegate.h */ = {isa = PBXFileReference; fileEncoding = 4; lastKnownFileType = sourcecode.c.h; path = RHAudioOutputDelegate.h; sourceTree = "<group>"; };
		83E860391B490D9E00A56D6F /* RHAudioRecorder.h */ = {isa = PBXFileReference; fileEncoding = 4; lastKnownFileType = sourcecode.c.h; path = RHAudioRecorder.h; sourceTree = "<group>"; };
		83E8603A1B490D9E00A56D6F /* RHAudioRecorder.m */ = {isa = PBXFileReference; fileEncoding = 4; lastKnownFileType = sourcecode.c.objc; path = RHAudioRecorder.m; sourceTree = "<group>"; };
		83E8603C1B490D9E00A56D6F /* NSData+App.h */ = {isa = PBXFileReference; fileEncoding = 4; lastKnownFileType = sourcecode.c.h; path = "NSData+App.h"; sourceTree = "<group>"; };
		83E8603D1B490D9E00A56D6F /* NSData+App.m */ = {isa = PBXFileReference; fileEncoding = 4; lastKnownFileType = sourcecode.c.objc; path = "NSData+App.m"; sourceTree = "<group>"; };
		83E8603E1B490D9E00A56D6F /* NSDate+App.h */ = {isa = PBXFileReference; fileEncoding = 4; lastKnownFileType = sourcecode.c.h; path = "NSDate+App.h"; sourceTree = "<group>"; };
		83E8603F1B490D9E00A56D6F /* NSDate+App.m */ = {isa = PBXFileReference; fileEncoding = 4; lastKnownFileType = sourcecode.c.objc; path = "NSDate+App.m"; sourceTree = "<group>"; };
		83E860401B490D9E00A56D6F /* NSFileManager+App.h */ = {isa = PBXFileReference; fileEncoding = 4; lastKnownFileType = sourcecode.c.h; path = "NSFileManager+App.h"; sourceTree = "<group>"; };
		83E860411B490D9E00A56D6F /* NSFileManager+App.m */ = {isa = PBXFileReference; fileEncoding = 4; lastKnownFileType = sourcecode.c.objc; path = "NSFileManager+App.m"; sourceTree = "<group>"; };
		83E860421B490D9E00A56D6F /* NSNull+App.h */ = {isa = PBXFileReference; fileEncoding = 4; lastKnownFileType = sourcecode.c.h; path = "NSNull+App.h"; sourceTree = "<group>"; };
		83E860431B490D9E00A56D6F /* NSNull+App.m */ = {isa = PBXFileReference; fileEncoding = 4; lastKnownFileType = sourcecode.c.objc; path = "NSNull+App.m"; sourceTree = "<group>"; };
		83E860441B490D9E00A56D6F /* NSObject+Log.h */ = {isa = PBXFileReference; fileEncoding = 4; lastKnownFileType = sourcecode.c.h; path = "NSObject+Log.h"; sourceTree = "<group>"; };
		83E860451B490D9E00A56D6F /* NSObject+Log.m */ = {isa = PBXFileReference; fileEncoding = 4; lastKnownFileType = sourcecode.c.objc; path = "NSObject+Log.m"; sourceTree = "<group>"; };
		83E860461B490D9E00A56D6F /* NSString+App.h */ = {isa = PBXFileReference; fileEncoding = 4; lastKnownFileType = sourcecode.c.h; path = "NSString+App.h"; sourceTree = "<group>"; };
		83E860471B490D9E00A56D6F /* NSString+App.m */ = {isa = PBXFileReference; fileEncoding = 4; lastKnownFileType = sourcecode.c.objc; path = "NSString+App.m"; sourceTree = "<group>"; };
		83E860481B490D9E00A56D6F /* UIColor+App.h */ = {isa = PBXFileReference; fileEncoding = 4; lastKnownFileType = sourcecode.c.h; path = "UIColor+App.h"; sourceTree = "<group>"; };
		83E860491B490D9E00A56D6F /* UIColor+App.m */ = {isa = PBXFileReference; fileEncoding = 4; lastKnownFileType = sourcecode.c.objc; path = "UIColor+App.m"; sourceTree = "<group>"; };
		83E8604A1B490D9E00A56D6F /* UIDevice+App.h */ = {isa = PBXFileReference; fileEncoding = 4; lastKnownFileType = sourcecode.c.h; path = "UIDevice+App.h"; sourceTree = "<group>"; };
		83E8604B1B490D9E00A56D6F /* UIDevice+App.m */ = {isa = PBXFileReference; fileEncoding = 4; lastKnownFileType = sourcecode.c.objc; path = "UIDevice+App.m"; sourceTree = "<group>"; };
		83E8604C1B490D9E00A56D6F /* UIFont+App.h */ = {isa = PBXFileReference; fileEncoding = 4; lastKnownFileType = sourcecode.c.h; path = "UIFont+App.h"; sourceTree = "<group>"; };
		83E8604D1B490D9E00A56D6F /* UIFont+App.m */ = {isa = PBXFileReference; fileEncoding = 4; lastKnownFileType = sourcecode.c.objc; path = "UIFont+App.m"; sourceTree = "<group>"; };
		83E8604E1B490D9E00A56D6F /* UIImage+App.h */ = {isa = PBXFileReference; fileEncoding = 4; lastKnownFileType = sourcecode.c.h; path = "UIImage+App.h"; sourceTree = "<group>"; };
		83E8604F1B490D9E00A56D6F /* UIImage+App.m */ = {isa = PBXFileReference; fileEncoding = 4; lastKnownFileType = sourcecode.c.objc; path = "UIImage+App.m"; sourceTree = "<group>"; };
		83E860621B490D9F00A56D6F /* RHHeadImageCell.h */ = {isa = PBXFileReference; fileEncoding = 4; lastKnownFileType = sourcecode.c.h; path = RHHeadImageCell.h; sourceTree = "<group>"; };
		83E860631B490D9F00A56D6F /* RHHeadImageCell.m */ = {isa = PBXFileReference; fileEncoding = 4; lastKnownFileType = sourcecode.c.objc; path = RHHeadImageCell.m; sourceTree = "<group>"; };
		83E860641B490D9F00A56D6F /* RHTableView.h */ = {isa = PBXFileReference; fileEncoding = 4; lastKnownFileType = sourcecode.c.h; path = RHTableView.h; sourceTree = "<group>"; };
		83E860651B490D9F00A56D6F /* RHTableView.m */ = {isa = PBXFileReference; fileEncoding = 4; lastKnownFileType = sourcecode.c.objc; path = RHTableView.m; sourceTree = "<group>"; };
		83E860661B490D9F00A56D6F /* RHTableViewAdapter.h */ = {isa = PBXFileReference; fileEncoding = 4; lastKnownFileType = sourcecode.c.h; path = RHTableViewAdapter.h; sourceTree = "<group>"; };
		83E860671B490D9F00A56D6F /* RHTableViewAdapter.m */ = {isa = PBXFileReference; fileEncoding = 4; lastKnownFileType = sourcecode.c.objc; path = RHTableViewAdapter.m; sourceTree = "<group>"; };
		83E860681B490D9F00A56D6F /* RHTableViewCell.h */ = {isa = PBXFileReference; fileEncoding = 4; lastKnownFileType = sourcecode.c.h; path = RHTableViewCell.h; sourceTree = "<group>"; };
		83E860691B490D9F00A56D6F /* RHTableViewCell.m */ = {isa = PBXFileReference; fileEncoding = 4; lastKnownFileType = sourcecode.c.objc; path = RHTableViewCell.m; sourceTree = "<group>"; };
		83E8606B1B490D9F00A56D6F /* RHConcurrentQueue.h */ = {isa = PBXFileReference; fileEncoding = 4; lastKnownFileType = sourcecode.c.h; path = RHConcurrentQueue.h; sourceTree = "<group>"; };
		83E8606C1B490D9F00A56D6F /* RHConcurrentQueue.m */ = {isa = PBXFileReference; fileEncoding = 4; lastKnownFileType = sourcecode.c.objc; path = RHConcurrentQueue.m; sourceTree = "<group>"; };
		83E8606D1B490D9F00A56D6F /* RHQueue.h */ = {isa = PBXFileReference; fileEncoding = 4; lastKnownFileType = sourcecode.c.h; path = RHQueue.h; sourceTree = "<group>"; };
		83E8606E1B490D9F00A56D6F /* RHQueue.m */ = {isa = PBXFileReference; fileEncoding = 4; lastKnownFileType = sourcecode.c.objc; path = RHQueue.m; sourceTree = "<group>"; };
		83E8606F1B490D9F00A56D6F /* RHQueueProtocol.h */ = {isa = PBXFileReference; fileEncoding = 4; lastKnownFileType = sourcecode.c.h; path = RHQueueProtocol.h; sourceTree = "<group>"; };
		83E860701B490D9F00A56D6F /* RHRunnableProtocol.h */ = {isa = PBXFileReference; fileEncoding = 4; lastKnownFileType = sourcecode.c.h; path = RHRunnableProtocol.h; sourceTree = "<group>"; };
		83E860711B490D9F00A56D6F /* RHSerialQueue.h */ = {isa = PBXFileReference; fileEncoding = 4; lastKnownFileType = sourcecode.c.h; path = RHSerialQueue.h; sourceTree = "<group>"; };
		83E860721B490D9F00A56D6F /* RHSerialQueue.m */ = {isa = PBXFileReference; fileEncoding = 4; lastKnownFileType = sourcecode.c.objc; path = RHSerialQueue.m; sourceTree = "<group>"; };
		83E860731B490D9F00A56D6F /* RHTask.h */ = {isa = PBXFileReference; fileEncoding = 4; lastKnownFileType = sourcecode.c.h; path = RHTask.h; sourceTree = "<group>"; };
		83E860741B490D9F00A56D6F /* RHTask.m */ = {isa = PBXFileReference; fileEncoding = 4; lastKnownFileType = sourcecode.c.objc; path = RHTask.m; sourceTree = "<group>"; };
		83E860751B490D9F00A56D6F /* RHTaskConfig.h */ = {isa = PBXFileReference; fileEncoding = 4; lastKnownFileType = sourcecode.c.h; path = RHTaskConfig.h; sourceTree = "<group>"; };
		83E860981B490DB800A56D6F /* RHCommonDefines.h */ = {isa = PBXFileReference; fileEncoding = 4; lastKnownFileType = sourcecode.c.h; path = RHCommonDefines.h; sourceTree = "<group>"; };
		83E860991B490DB800A56D6F /* RHNotificationMacro.h */ = {isa = PBXFileReference; fileEncoding = 4; lastKnownFileType = sourcecode.c.h; path = RHNotificationMacro.h; sourceTree = "<group>"; };
		83E860D41B4912F400A56D6F /* Prefix.pch */ = {isa = PBXFileReference; lastKnownFileType = sourcecode.c.h; path = Prefix.pch; sourceTree = "<group>"; };
		83EECEB61B4BB36A00F60B27 /* RHToastView.h */ = {isa = PBXFileReference; fileEncoding = 4; lastKnownFileType = sourcecode.c.h; path = RHToastView.h; sourceTree = "<group>"; };
		83EECEB71B4BB36A00F60B27 /* RHToastView.m */ = {isa = PBXFileReference; fileEncoding = 4; lastKnownFileType = sourcecode.c.objc; path = RHToastView.m; sourceTree = "<group>"; };
		83EECEB91B4BEAD500F60B27 /* UIView+RHToast.h */ = {isa = PBXFileReference; fileEncoding = 4; lastKnownFileType = sourcecode.c.h; path = "UIView+RHToast.h"; sourceTree = "<group>"; };
		83EECEBA1B4BEAD500F60B27 /* UIView+RHToast.m */ = {isa = PBXFileReference; fileEncoding = 4; lastKnownFileType = sourcecode.c.objc; path = "UIView+RHToast.m"; sourceTree = "<group>"; };
		83EECEBD1B4BF7E900F60B27 /* UIView+RHLoading.h */ = {isa = PBXFileReference; fileEncoding = 4; lastKnownFileType = sourcecode.c.h; path = "UIView+RHLoading.h"; sourceTree = "<group>"; };
		83EECEBE1B4BF7E900F60B27 /* UIView+RHLoading.m */ = {isa = PBXFileReference; fileEncoding = 4; lastKnownFileType = sourcecode.c.objc; path = "UIView+RHLoading.m"; sourceTree = "<group>"; };
		83F032C71B55FFF600AAD650 /* RHToolItem.h */ = {isa = PBXFileReference; fileEncoding = 4; lastKnownFileType = sourcecode.c.h; path = RHToolItem.h; sourceTree = "<group>"; };
		83F032C81B55FFF600AAD650 /* RHToolItem.m */ = {isa = PBXFileReference; fileEncoding = 4; lastKnownFileType = sourcecode.c.objc; path = RHToolItem.m; sourceTree = "<group>"; };
		83F032D21B563E7A00AAD650 /* RHToolView.h */ = {isa = PBXFileReference; fileEncoding = 4; lastKnownFileType = sourcecode.c.h; path = RHToolView.h; sourceTree = "<group>"; };
		83F032D31B563E7A00AAD650 /* RHToolView.m */ = {isa = PBXFileReference; fileEncoding = 4; lastKnownFileType = sourcecode.c.objc; path = RHToolView.m; sourceTree = "<group>"; };
		C841EED634B35126D6474175 /* libPods.a */ = {isa = PBXFileReference; explicitFileType = archive.ar; includeInIndex = 0; path = libPods.a; sourceTree = BUILT_PRODUCTS_DIR; };
/* End PBXFileReference section */

/* Begin PBXFrameworksBuildPhase section */
		83E85FF11B49085A00A56D6F /* Frameworks */ = {
			isa = PBXFrameworksBuildPhase;
			buildActionMask = 2147483647;
			files = (
				614CBF2D9FD9AFB2D11DB109 /* libPods.a in Frameworks */,
				83E860781B490D9F00A56D6F /* libmp3lame.a in Frameworks */,
				83E860771B490D9F00A56D6F /* libopencore-amrwb.a in Frameworks */,
				83E860761B490D9F00A56D6F /* libopencore-amrnb.a in Frameworks */,
			);
			runOnlyForDeploymentPostprocessing = 0;
		};
		83E8600A1B49085A00A56D6F /* Frameworks */ = {
			isa = PBXFrameworksBuildPhase;
			buildActionMask = 2147483647;
			files = (
			);
			runOnlyForDeploymentPostprocessing = 0;
		};
/* End PBXFrameworksBuildPhase section */

/* Begin PBXGroup section */
		2D6AA7640D042E8DA25A8590 /* Pods */ = {
			isa = PBXGroup;
			children = (
				5AB6107C49065E8E307E0D8A /* Pods.debug.xcconfig */,
				5D9884DD6C1CD0E70258A7A6 /* Pods.release.xcconfig */,
			);
			name = Pods;
			sourceTree = "<group>";
		};
		7B8195755392B990360E2A9D /* Frameworks */ = {
			isa = PBXGroup;
			children = (
				C841EED634B35126D6474175 /* libPods.a */,
			);
			name = Frameworks;
			sourceTree = "<group>";
		};
		830651581B53C0FF004FAB6D /* TalkInput */ = {
			isa = PBXGroup;
			children = (
				830651591B53C0FF004FAB6D /* EmojiView */,
				8306515A1B53C0FF004FAB6D /* RHTalkInputView.h */,
				8306515B1B53C0FF004FAB6D /* RHTalkInputView.m */,
				8306515C1B53C0FF004FAB6D /* ToolView */,
				8306515D1B53C0FF004FAB6D /* VoiceView */,
				8347C89E1B590409000B1519 /* RHTalkInputBar.h */,
				8347C89F1B590409000B1519 /* RHTalkInputBar.m */,
			);
			path = TalkInput;
			sourceTree = "<group>";
		};
		830651591B53C0FF004FAB6D /* EmojiView */ = {
			isa = PBXGroup;
			children = (
				8347C8A41B59221D000B1519 /* RHEmojiView.h */,
				8347C8A51B59221D000B1519 /* RHEmojiView.m */,
			);
			path = EmojiView;
			sourceTree = "<group>";
		};
		8306515C1B53C0FF004FAB6D /* ToolView */ = {
			isa = PBXGroup;
			children = (
				83F032C71B55FFF600AAD650 /* RHToolItem.h */,
				83F032C81B55FFF600AAD650 /* RHToolItem.m */,
				83F032D21B563E7A00AAD650 /* RHToolView.h */,
				83F032D31B563E7A00AAD650 /* RHToolView.m */,
				8347C89B1B58FC51000B1519 /* RHToolItemView.h */,
				8347C89C1B58FC51000B1519 /* RHToolItemView.m */,
			);
			path = ToolView;
			sourceTree = "<group>";
		};
		8306515D1B53C0FF004FAB6D /* VoiceView */ = {
			isa = PBXGroup;
			children = (
				8347C8A11B59220D000B1519 /* RHVoiceView.h */,
				8347C8A21B59220D000B1519 /* RHVoiceView.m */,
			);
			path = VoiceView;
			sourceTree = "<group>";
		};
		8306517F1B53D30D004FAB6D /* 2x */ = {
			isa = PBXGroup;
			children = (
				830651801B53D30D004FAB6D /* bubble_left@2x.png */,
				830651811B53D30D004FAB6D /* bubble_left_down@2x.png */,
				830651821B53D30D004FAB6D /* bubble_right@2x.png */,
				830651831B53D30D004FAB6D /* bubble_right_down@2x.png */,
				830651841B53D30D004FAB6D /* talk_btn_emoji@2x.png */,
				830651851B53D30D004FAB6D /* talk_btn_emoji_on@2x.png */,
				830651861B53D30D004FAB6D /* talk_btn_keyboard@2x.png */,
				830651871B53D30D004FAB6D /* talk_btn_keyboard_on@2x.png */,
				830651881B53D30D004FAB6D /* talk_btn_more@2x.png */,
				830651891B53D30D004FAB6D /* talk_btn_more_on@2x.png */,
				8306518A1B53D30D004FAB6D /* talk_btn_voice@2x.png */,
				8306518B1B53D30D004FAB6D /* talk_btn_voice_on@2x.png */,
			);
			path = 2x;
			sourceTree = "<group>";
		};
		8306518C1B53D30D004FAB6D /* 3x */ = {
			isa = PBXGroup;
			children = (
				8306518D1B53D30D004FAB6D /* bubble_left@3x.png */,
				8306518E1B53D30D004FAB6D /* bubble_left_down@3x.png */,
				8306518F1B53D30D004FAB6D /* bubble_right@3x.png */,
				830651901B53D30D004FAB6D /* bubble_right_down@3x.png */,
				830651911B53D30D004FAB6D /* talk_btn_emoji@3x.png */,
				830651921B53D30D004FAB6D /* talk_btn_emoji_on@3x.png */,
				830651931B53D30D004FAB6D /* talk_btn_keyboard@3x.png */,
				830651941B53D30D004FAB6D /* talk_btn_keyboard_on@3x.png */,
				830651951B53D30D004FAB6D /* talk_btn_more@3x.png */,
				830651961B53D30D004FAB6D /* talk_btn_more_on@3x.png */,
				830651971B53D30D004FAB6D /* talk_btn_voice@3x.png */,
				830651981B53D30D004FAB6D /* talk_btn_voice_on@3x.png */,
			);
			path = 3x;
			sourceTree = "<group>";
		};
		835A66671B67A92100E81FC9 /* RHMap */ = {
			isa = PBXGroup;
			children = (
				835A66681B67A92100E81FC9 /* RHMapConfig.h */,
				835A66691B67A92100E81FC9 /* RHMapView.h */,
				835A666A1B67A92100E81FC9 /* RHMapView.m */,
				835A666B1B67A92100E81FC9 /* RHMapViewManager.h */,
				835A666C1B67A92100E81FC9 /* RHMapViewManager.m */,
				835A666D1B67A92100E81FC9 /* RHPointAnnotation.h */,
				835A666E1B67A92100E81FC9 /* RHPointAnnotation.m */,
				835A666F1B67A92100E81FC9 /* RHPolyline.h */,
				835A66701B67A92100E81FC9 /* RHPolyline.m */,
			);
			path = RHMap;
			sourceTree = "<group>";
		};
		836912571C0808F80021541F /* RHController */ = {
			isa = PBXGroup;
			children = (
				836912581C0808F80021541F /* RHViewController.h */,
				836912591C0808F80021541F /* RHViewController.m */,
				8369125B1C08092D0021541F /* RHNavigationController.h */,
				8369125C1C08092D0021541F /* RHNavigationController.m */,
			);
			path = RHController;
			sourceTree = "<group>";
		};
		8379E0371B529DA100C3B6DD /* Home */ = {
			isa = PBXGroup;
			children = (
				8379E0381B529F6900C3B6DD /* RHLeftViewController.h */,
				8379E0391B529F6900C3B6DD /* RHLeftViewController.m */,
				8379E03B1B529F7A00C3B6DD /* RHMiddleViewController.h */,
				8379E03C1B529F7A00C3B6DD /* RHMiddleViewController.m */,
				8379E0411B52A38000C3B6DD /* RHLeftView.h */,
				8379E0421B52A38000C3B6DD /* RHLeftView.m */,
				8379E0441B52A3A100C3B6DD /* RHLeftViewAdapter.h */,
				8379E0451B52A3A100C3B6DD /* RHLeftViewAdapter.m */,
				8379E0471B52A48E00C3B6DD /* RHLeftViewCell.h */,
				8379E0481B52A48E00C3B6DD /* RHLeftViewCell.m */,
				830651B11B53DAA1004FAB6D /* RHMiddleView.h */,
				830651B21B53DAA1004FAB6D /* RHMiddleView.m */,
			);
			path = Home;
			sourceTree = "<group>";
		};
		837A13471B5E688900DF44AC /* Resources */ = {
			isa = PBXGroup;
			children = (
				837A136A1B60F31200DF44AC /* styles */,
				837A13481B5E688900DF44AC /* rsa */,
			);
			path = Resources;
			sourceTree = "<group>";
		};
		837A13481B5E688900DF44AC /* rsa */ = {
			isa = PBXGroup;
			children = (
				837A13491B5E688900DF44AC /* pkcs8_private_key.pem */,
				837A134A1B5E688900DF44AC /* private_key.p12 */,
				837A134B1B5E688900DF44AC /* private_key.pem */,
				837A134C1B5E688900DF44AC /* public_key.der */,
				837A134D1B5E688900DF44AC /* rsa_public_key.pem */,
				837A134E1B5E688900DF44AC /* rsaCert.crt */,
				837A134F1B5E688900DF44AC /* rsaCertReq.csr */,
			);
			path = rsa;
			sourceTree = "<group>";
		};
		837A135A1B60AA9600DF44AC /* RHIndicatorView */ = {
			isa = PBXGroup;
			children = (
				837A13641B60CE1E00DF44AC /* RHCircularProgressLayer.h */,
				837A13651B60CE1E00DF44AC /* RHCircularProgressLayer.m */,
				837A135B1B60AA9600DF44AC /* RHActivityIndicatorView.h */,
				837A135C1B60AA9600DF44AC /* RHActivityIndicatorView.m */,
				837A135E1B60AAAD00DF44AC /* RHPlayingIndicatorView.h */,
				837A135F1B60AAAD00DF44AC /* RHPlayingIndicatorView.m */,
				837A13611B60CA3E00DF44AC /* RHCircularIndicatorView.h */,
				837A13621B60CA3E00DF44AC /* RHCircularIndicatorView.m */,
				837A13671B60CEE200DF44AC /* RHCircularProgressView.h */,
				837A13681B60CEE200DF44AC /* RHCircularProgressView.m */,
			);
			path = RHIndicatorView;
			sourceTree = "<group>";
		};
		837A136A1B60F31200DF44AC /* styles */ = {
			isa = PBXGroup;
			children = (
				837A136B1B60F33200DF44AC /* stylesheet.cas */,
			);
			path = styles;
			sourceTree = "<group>";
		};
		83B94BB71B50C9CB0068D6E7 /* RHTalk */ = {
			isa = PBXGroup;
			children = (
				830651581B53C0FF004FAB6D /* TalkInput */,
				83B94BDB1B511AAD0068D6E7 /* Resources */,
				83B94BC11B50CB780068D6E7 /* MessageCell */,
				83B94BCC1B50CB780068D6E7 /* MessageData */,
				83B94BB81B50CA000068D6E7 /* RHTalkViewController.h */,
				83B94BB91B50CA000068D6E7 /* RHTalkViewController.m */,
				83B94BBB1B50CA0F0068D6E7 /* RHTalkView.h */,
				83B94BBC1B50CA0F0068D6E7 /* RHTalkView.m */,
				83B94BBE1B50CB380068D6E7 /* RHTalkViewAdapter.h */,
				83B94BBF1B50CB380068D6E7 /* RHTalkViewAdapter.m */,
			);
			path = RHTalk;
			sourceTree = "<group>";
		};
		83B94BC11B50CB780068D6E7 /* MessageCell */ = {
			isa = PBXGroup;
			children = (
				83B94BC21B50CB780068D6E7 /* RHMessageBaseCell.h */,
				83B94BC31B50CB780068D6E7 /* RHMessageBaseCell.m */,
				83B94BC41B50CB780068D6E7 /* RHMessageCell.h */,
				83B94BC51B50CB780068D6E7 /* RHMessageCell.m */,
				83B94BC61B50CB780068D6E7 /* RHMessageImageCell.h */,
				83B94BC71B50CB780068D6E7 /* RHMessageImageCell.m */,
				83B94BC81B50CB780068D6E7 /* RHMessageTextCell.h */,
				83B94BC91B50CB780068D6E7 /* RHMessageTextCell.m */,
				83B94BCA1B50CB780068D6E7 /* RHMessageTipCell.h */,
				83B94BCB1B50CB780068D6E7 /* RHMessageTipCell.m */,
				83B94BFC1B512EF90068D6E7 /* RHMessageAudioCell.h */,
				83B94BFD1B512EF90068D6E7 /* RHMessageAudioCell.m */,
			);
			path = MessageCell;
			sourceTree = "<group>";
		};
		83B94BCC1B50CB780068D6E7 /* MessageData */ = {
			isa = PBXGroup;
			children = (
				83B94BCD1B50CB780068D6E7 /* RHMessageData.h */,
				83B94BCE1B50CB780068D6E7 /* RHMessageData.m */,
				83B94BCF1B50CB780068D6E7 /* RHTextMessage.h */,
				83B94BD01B50CB780068D6E7 /* RHTextMessage.m */,
				83B94BD81B50D0260068D6E7 /* RHImageMessage.h */,
				83B94BD91B50D0260068D6E7 /* RHImageMessage.m */,
				83B94BF61B512A180068D6E7 /* RHTipMessage.h */,
				83B94BF71B512A180068D6E7 /* RHTipMessage.m */,
				83B94BF91B512E9E0068D6E7 /* RHAudioMessage.h */,
				83B94BFA1B512E9E0068D6E7 /* RHAudioMessage.m */,
			);
			path = MessageData;
			sourceTree = "<group>";
		};
		83B94BDB1B511AAD0068D6E7 /* Resources */ = {
			isa = PBXGroup;
			children = (
				8306517F1B53D30D004FAB6D /* 2x */,
				8306518C1B53D30D004FAB6D /* 3x */,
				83B94BF41B5129380068D6E7 /* tip_bg@2x.png */,
			);
			path = Resources;
			sourceTree = "<group>";
		};
		83BAB9CE1B6227C70056FEB4 /* RHRefreshView */ = {
			isa = PBXGroup;
			children = (
				83BAB9CF1B6228830056FEB4 /* RHRefreshView.h */,
				83BAB9D01B6228830056FEB4 /* RHRefreshView.m */,
				83BAB9D21B623BF80056FEB4 /* RHCircularRefreshView.h */,
				83BAB9D31B623BF80056FEB4 /* RHCircularRefreshView.m */,
			);
			path = RHRefreshView;
			sourceTree = "<group>";
		};
		83E85FEB1B49085A00A56D6F = {
			isa = PBXGroup;
			children = (
				83E85FF61B49085A00A56D6F /* RHToolkitsDemo */,
				83E860101B49085A00A56D6F /* RHToolkitsDemoTests */,
				83E85FF51B49085A00A56D6F /* Products */,
				2D6AA7640D042E8DA25A8590 /* Pods */,
				7B8195755392B990360E2A9D /* Frameworks */,
			);
			sourceTree = "<group>";
		};
		83E85FF51B49085A00A56D6F /* Products */ = {
			isa = PBXGroup;
			children = (
				83E85FF41B49085A00A56D6F /* RHToolkitsDemo.app */,
				83E8600D1B49085A00A56D6F /* RHToolkitsDemoTests.xctest */,
			);
			name = Products;
			sourceTree = "<group>";
		};
		83E85FF61B49085A00A56D6F /* RHToolkitsDemo */ = {
			isa = PBXGroup;
			children = (
				837A13471B5E688900DF44AC /* Resources */,
				8379E0371B529DA100C3B6DD /* Home */,
				83B94BB71B50C9CB0068D6E7 /* RHTalk */,
				83E860971B490DB800A56D6F /* RHMacro */,
				83E8609A1B490DB800A56D6F /* RHTest */,
				83E8601D1B490D9E00A56D6F /* RHToolkits */,
				83E85FFB1B49085A00A56D6F /* AppDelegate.h */,
				83E85FFC1B49085A00A56D6F /* AppDelegate.m */,
				83E85FFE1B49085A00A56D6F /* ViewController.h */,
				83E85FFF1B49085A00A56D6F /* ViewController.m */,
				83E860041B49085A00A56D6F /* Images.xcassets */,
				83E860061B49085A00A56D6F /* LaunchScreen.xib */,
				83E85FF71B49085A00A56D6F /* Supporting Files */,
			);
			path = RHToolkitsDemo;
			sourceTree = "<group>";
		};
		83E85FF71B49085A00A56D6F /* Supporting Files */ = {
			isa = PBXGroup;
			children = (
				83E85FF81B49085A00A56D6F /* Info.plist */,
				83E85FF91B49085A00A56D6F /* main.m */,
				83E860D41B4912F400A56D6F /* Prefix.pch */,
			);
			name = "Supporting Files";
			sourceTree = "<group>";
		};
		83E860101B49085A00A56D6F /* RHToolkitsDemoTests */ = {
			isa = PBXGroup;
			children = (
				83E860131B49085A00A56D6F /* RHToolkitsDemoTests.m */,
				83E860111B49085A00A56D6F /* Supporting Files */,
			);
			path = RHToolkitsDemoTests;
			sourceTree = "<group>";
		};
		83E860111B49085A00A56D6F /* Supporting Files */ = {
			isa = PBXGroup;
			children = (
				83E860121B49085A00A56D6F /* Info.plist */,
			);
			name = "Supporting Files";
			sourceTree = "<group>";
		};
		83E8601D1B490D9E00A56D6F /* RHToolkits */ = {
			isa = PBXGroup;
			children = (
				836912571C0808F80021541F /* RHController */,
				835A66671B67A92100E81FC9 /* RHMap */,
				83BAB9CE1B6227C70056FEB4 /* RHRefreshView */,
				837A135A1B60AA9600DF44AC /* RHIndicatorView */,
				83EECEBC1B4BF63800F60B27 /* RHLoadingView */,
				83EECEB21B4B85B900F60B27 /* RHToastView */,
				83E8601E1B490D9E00A56D6F /* RHAudio */,
				83E8603B1B490D9E00A56D6F /* RHCategroy */,
				83E860611B490D9F00A56D6F /* RHTableView */,
				83E8606A1B490D9F00A56D6F /* RHTask */,
			);
			name = RHToolkits;
			path = ../../RHToolkits;
			sourceTree = "<group>";
		};
		83E8601E1B490D9E00A56D6F /* RHAudio */ = {
			isa = PBXGroup;
			children = (
				83E8601F1B490D9E00A56D6F /* amr_en_de */,
				83E8602A1B490D9E00A56D6F /* lame */,
				83E8602D1B490D9E00A56D6F /* RHAudioConfig.h */,
				83E8602E1B490D9E00A56D6F /* RHAudioPlayer */,
				83E860311B490D9E00A56D6F /* RHAudioRecorder */,
			);
			path = RHAudio;
			sourceTree = "<group>";
		};
		83E8601F1B490D9E00A56D6F /* amr_en_de */ = {
			isa = PBXGroup;
			children = (
				83E860201B490D9E00A56D6F /* include */,
				83E860271B490D9E00A56D6F /* lib */,
			);
			path = amr_en_de;
			sourceTree = "<group>";
		};
		83E860201B490D9E00A56D6F /* include */ = {
			isa = PBXGroup;
			children = (
				83E860211B490D9E00A56D6F /* opencore-amrnb */,
				83E860241B490D9E00A56D6F /* opencore-amrwb */,
			);
			path = include;
			sourceTree = "<group>";
		};
		83E860211B490D9E00A56D6F /* opencore-amrnb */ = {
			isa = PBXGroup;
			children = (
				83E860221B490D9E00A56D6F /* interf_dec.h */,
				83E860231B490D9E00A56D6F /* interf_enc.h */,
			);
			path = "opencore-amrnb";
			sourceTree = "<group>";
		};
		83E860241B490D9E00A56D6F /* opencore-amrwb */ = {
			isa = PBXGroup;
			children = (
				83E860251B490D9E00A56D6F /* dec_if.h */,
				83E860261B490D9E00A56D6F /* if_rom.h */,
			);
			path = "opencore-amrwb";
			sourceTree = "<group>";
		};
		83E860271B490D9E00A56D6F /* lib */ = {
			isa = PBXGroup;
			children = (
				83E860281B490D9E00A56D6F /* libopencore-amrnb.a */,
				83E860291B490D9E00A56D6F /* libopencore-amrwb.a */,
			);
			path = lib;
			sourceTree = "<group>";
		};
		83E8602A1B490D9E00A56D6F /* lame */ = {
			isa = PBXGroup;
			children = (
				83E8602B1B490D9E00A56D6F /* lame.h */,
				83E8602C1B490D9E00A56D6F /* libmp3lame.a */,
			);
			path = lame;
			sourceTree = "<group>";
		};
		83E8602E1B490D9E00A56D6F /* RHAudioPlayer */ = {
			isa = PBXGroup;
			children = (
				83E8602F1B490D9E00A56D6F /* RHAudioPlayer.h */,
				83E860301B490D9E00A56D6F /* RHAudioPlayer.m */,
			);
			path = RHAudioPlayer;
			sourceTree = "<group>";
		};
		83E860311B490D9E00A56D6F /* RHAudioRecorder */ = {
			isa = PBXGroup;
			children = (
				83E860321B490D9E00A56D6F /* RHAudioAmrOutput.h */,
				83E860331B490D9E00A56D6F /* RHAudioAmrOutput.m */,
				83E860341B490D9E00A56D6F /* RHAudioCafOutput.h */,
				83E860351B490D9E00A56D6F /* RHAudioCafOutput.m */,
				83E860361B490D9E00A56D6F /* RHAudioMp3Output.h */,
				83E860371B490D9E00A56D6F /* RHAudioMp3Output.m */,
				83E860381B490D9E00A56D6F /* RHAudioOutputDelegate.h */,
				83E860391B490D9E00A56D6F /* RHAudioRecorder.h */,
				83E8603A1B490D9E00A56D6F /* RHAudioRecorder.m */,
			);
			path = RHAudioRecorder;
			sourceTree = "<group>";
		};
		83E8603B1B490D9E00A56D6F /* RHCategroy */ = {
			isa = PBXGroup;
			children = (
				83E8603C1B490D9E00A56D6F /* NSData+App.h */,
				83E8603D1B490D9E00A56D6F /* NSData+App.m */,
				83E8603E1B490D9E00A56D6F /* NSDate+App.h */,
				83E8603F1B490D9E00A56D6F /* NSDate+App.m */,
				83E860401B490D9E00A56D6F /* NSFileManager+App.h */,
				83E860411B490D9E00A56D6F /* NSFileManager+App.m */,
				83E860421B490D9E00A56D6F /* NSNull+App.h */,
				83E860431B490D9E00A56D6F /* NSNull+App.m */,
				83E860441B490D9E00A56D6F /* NSObject+Log.h */,
				83E860451B490D9E00A56D6F /* NSObject+Log.m */,
				83E860461B490D9E00A56D6F /* NSString+App.h */,
				83E860471B490D9E00A56D6F /* NSString+App.m */,
				83E860481B490D9E00A56D6F /* UIColor+App.h */,
				83E860491B490D9E00A56D6F /* UIColor+App.m */,
				83E8604A1B490D9E00A56D6F /* UIDevice+App.h */,
				83E8604B1B490D9E00A56D6F /* UIDevice+App.m */,
				83E8604C1B490D9E00A56D6F /* UIFont+App.h */,
				83E8604D1B490D9E00A56D6F /* UIFont+App.m */,
				83E8604E1B490D9E00A56D6F /* UIImage+App.h */,
				83E8604F1B490D9E00A56D6F /* UIImage+App.m */,
				837A13391B5CA5F800DF44AC /* NSData+AES.h */,
				837A133A1B5CA5F800DF44AC /* NSData+AES.m */,
				837A133C1B5CAAA200DF44AC /* NSData+RSA.h */,
				837A133D1B5CAAA300DF44AC /* NSData+RSA.m */,
			);
			path = RHCategroy;
			sourceTree = "<group>";
		};
		83E860611B490D9F00A56D6F /* RHTableView */ = {
			isa = PBXGroup;
			children = (
				83E860621B490D9F00A56D6F /* RHHeadImageCell.h */,
				83E860631B490D9F00A56D6F /* RHHeadImageCell.m */,
				83E860641B490D9F00A56D6F /* RHTableView.h */,
				83E860651B490D9F00A56D6F /* RHTableView.m */,
				83E860661B490D9F00A56D6F /* RHTableViewAdapter.h */,
				83E860671B490D9F00A56D6F /* RHTableViewAdapter.m */,
				83E860681B490D9F00A56D6F /* RHTableViewCell.h */,
				83E860691B490D9F00A56D6F /* RHTableViewCell.m */,
				836356DE1B4E223E0087B4EC /* RHStretchTableView.h */,
				836356DF1B4E223E0087B4EC /* RHStretchTableView.m */,
			);
			path = RHTableView;
			sourceTree = "<group>";
		};
		83E8606A1B490D9F00A56D6F /* RHTask */ = {
			isa = PBXGroup;
			children = (
				83E8606B1B490D9F00A56D6F /* RHConcurrentQueue.h */,
				83E8606C1B490D9F00A56D6F /* RHConcurrentQueue.m */,
				83E8606D1B490D9F00A56D6F /* RHQueue.h */,
				83E8606E1B490D9F00A56D6F /* RHQueue.m */,
				83E8606F1B490D9F00A56D6F /* RHQueueProtocol.h */,
				83E860701B490D9F00A56D6F /* RHRunnableProtocol.h */,
				83E860711B490D9F00A56D6F /* RHSerialQueue.h */,
				83E860721B490D9F00A56D6F /* RHSerialQueue.m */,
				83E860731B490D9F00A56D6F /* RHTask.h */,
				83E860741B490D9F00A56D6F /* RHTask.m */,
				83E860751B490D9F00A56D6F /* RHTaskConfig.h */,
			);
			path = RHTask;
			sourceTree = "<group>";
		};
		83E860971B490DB800A56D6F /* RHMacro */ = {
			isa = PBXGroup;
			children = (
				83E860981B490DB800A56D6F /* RHCommonDefines.h */,
				83E860991B490DB800A56D6F /* RHNotificationMacro.h */,
			);
			path = RHMacro;
			sourceTree = "<group>";
		};
		83E8609A1B490DB800A56D6F /* RHTest */ = {
			isa = PBXGroup;
			children = (
				83BAB9D61B6252BA0056FEB4 /* RootViewController.h */,
				83BAB9D71B6252BA0056FEB4 /* RootViewController.m */,
				837A136D1B61066300DF44AC /* LiveView.h */,
				837A136E1B61066300DF44AC /* LiveView.m */,
			);
			path = RHTest;
			sourceTree = "<group>";
		};
		83EECEB21B4B85B900F60B27 /* RHToastView */ = {
			isa = PBXGroup;
			children = (
				83EECEB61B4BB36A00F60B27 /* RHToastView.h */,
				83EECEB71B4BB36A00F60B27 /* RHToastView.m */,
				83EECEB91B4BEAD500F60B27 /* UIView+RHToast.h */,
				83EECEBA1B4BEAD500F60B27 /* UIView+RHToast.m */,
			);
			path = RHToastView;
			sourceTree = "<group>";
		};
		83EECEBC1B4BF63800F60B27 /* RHLoadingView */ = {
			isa = PBXGroup;
			children = (
				83EECEBD1B4BF7E900F60B27 /* UIView+RHLoading.h */,
				83EECEBE1B4BF7E900F60B27 /* UIView+RHLoading.m */,
			);
			path = RHLoadingView;
			sourceTree = "<group>";
		};
/* End PBXGroup section */

/* Begin PBXNativeTarget section */
		83E85FF31B49085A00A56D6F /* RHToolkitsDemo */ = {
			isa = PBXNativeTarget;
			buildConfigurationList = 83E860171B49085A00A56D6F /* Build configuration list for PBXNativeTarget "RHToolkitsDemo" */;
			buildPhases = (
				F0ACB0505D70A8090991594C /* Check Pods Manifest.lock */,
				83E85FF01B49085A00A56D6F /* Sources */,
				83E85FF11B49085A00A56D6F /* Frameworks */,
				83E85FF21B49085A00A56D6F /* Resources */,
				08BEA765CA714161F7EDFE59 /* Copy Pods Resources */,
				D802744ADBBA32EF02BE03D2 /* Embed Pods Frameworks */,
			);
			buildRules = (
			);
			dependencies = (
			);
			name = RHToolkitsDemo;
			productName = RHToolkitsDemo;
			productReference = 83E85FF41B49085A00A56D6F /* RHToolkitsDemo.app */;
			productType = "com.apple.product-type.application";
		};
		83E8600C1B49085A00A56D6F /* RHToolkitsDemoTests */ = {
			isa = PBXNativeTarget;
			buildConfigurationList = 83E8601A1B49085A00A56D6F /* Build configuration list for PBXNativeTarget "RHToolkitsDemoTests" */;
			buildPhases = (
				83E860091B49085A00A56D6F /* Sources */,
				83E8600A1B49085A00A56D6F /* Frameworks */,
				83E8600B1B49085A00A56D6F /* Resources */,
			);
			buildRules = (
			);
			dependencies = (
				83E8600F1B49085A00A56D6F /* PBXTargetDependency */,
			);
			name = RHToolkitsDemoTests;
			productName = RHToolkitsDemoTests;
			productReference = 83E8600D1B49085A00A56D6F /* RHToolkitsDemoTests.xctest */;
			productType = "com.apple.product-type.bundle.unit-test";
		};
/* End PBXNativeTarget section */

/* Begin PBXProject section */
		83E85FEC1B49085A00A56D6F /* Project object */ = {
			isa = PBXProject;
			attributes = {
				LastUpgradeCheck = 0630;
				ORGANIZATIONNAME = zhuruhong;
				TargetAttributes = {
					83E85FF31B49085A00A56D6F = {
						CreatedOnToolsVersion = 6.3.2;
					};
					83E8600C1B49085A00A56D6F = {
						CreatedOnToolsVersion = 6.3.2;
						TestTargetID = 83E85FF31B49085A00A56D6F;
					};
				};
			};
			buildConfigurationList = 83E85FEF1B49085A00A56D6F /* Build configuration list for PBXProject "RHToolkitsDemo" */;
			compatibilityVersion = "Xcode 3.2";
			developmentRegion = English;
			hasScannedForEncodings = 0;
			knownRegions = (
				en,
				Base,
			);
			mainGroup = 83E85FEB1B49085A00A56D6F;
			productRefGroup = 83E85FF51B49085A00A56D6F /* Products */;
			projectDirPath = "";
			projectRoot = "";
			targets = (
				83E85FF31B49085A00A56D6F /* RHToolkitsDemo */,
				83E8600C1B49085A00A56D6F /* RHToolkitsDemoTests */,
			);
		};
/* End PBXProject section */

/* Begin PBXResourcesBuildPhase section */
		83E85FF21B49085A00A56D6F /* Resources */ = {
			isa = PBXResourcesBuildPhase;
			buildActionMask = 2147483647;
			files = (
				8306519C1B53D30D004FAB6D /* bubble_right_down@2x.png in Resources */,
				830651A91B53D30D004FAB6D /* talk_btn_emoji@3x.png in Resources */,
				83E860081B49085A00A56D6F /* LaunchScreen.xib in Resources */,
				830651A21B53D30D004FAB6D /* talk_btn_more_on@2x.png in Resources */,
				830651991B53D30D004FAB6D /* bubble_left@2x.png in Resources */,
				830651A41B53D30D004FAB6D /* talk_btn_voice_on@2x.png in Resources */,
				837A13511B5E688900DF44AC /* private_key.p12 in Resources */,
				830651A01B53D30D004FAB6D /* talk_btn_keyboard_on@2x.png in Resources */,
				837A13551B5E688900DF44AC /* rsaCert.crt in Resources */,
				830651A51B53D30D004FAB6D /* bubble_left@3x.png in Resources */,
				8306519A1B53D30D004FAB6D /* bubble_left_down@2x.png in Resources */,
				830651A31B53D30D004FAB6D /* talk_btn_voice@2x.png in Resources */,
				8306519F1B53D30D004FAB6D /* talk_btn_keyboard@2x.png in Resources */,
				8306519D1B53D30D004FAB6D /* talk_btn_emoji@2x.png in Resources */,
				837A13561B5E688900DF44AC /* rsaCertReq.csr in Resources */,
				837A13501B5E688900DF44AC /* pkcs8_private_key.pem in Resources */,
				837A13541B5E688900DF44AC /* rsa_public_key.pem in Resources */,
				830651AC1B53D30D004FAB6D /* talk_btn_keyboard_on@3x.png in Resources */,
				8306519E1B53D30D004FAB6D /* talk_btn_emoji_on@2x.png in Resources */,
				83E860051B49085A00A56D6F /* Images.xcassets in Resources */,
				830651A61B53D30D004FAB6D /* bubble_left_down@3x.png in Resources */,
				830651B01B53D30D004FAB6D /* talk_btn_voice_on@3x.png in Resources */,
				830651AB1B53D30D004FAB6D /* talk_btn_keyboard@3x.png in Resources */,
				837A13521B5E688900DF44AC /* private_key.pem in Resources */,
				830651A71B53D30D004FAB6D /* bubble_right@3x.png in Resources */,
				830651A81B53D30D004FAB6D /* bubble_right_down@3x.png in Resources */,
				837A136C1B60F33200DF44AC /* stylesheet.cas in Resources */,
				830651AD1B53D30D004FAB6D /* talk_btn_more@3x.png in Resources */,
				830651AA1B53D30D004FAB6D /* talk_btn_emoji_on@3x.png in Resources */,
				83B94BF51B5129380068D6E7 /* tip_bg@2x.png in Resources */,
				830651A11B53D30D004FAB6D /* talk_btn_more@2x.png in Resources */,
				830651AF1B53D30D004FAB6D /* talk_btn_voice@3x.png in Resources */,
				8306519B1B53D30D004FAB6D /* bubble_right@2x.png in Resources */,
				837A13531B5E688900DF44AC /* public_key.der in Resources */,
				830651AE1B53D30D004FAB6D /* talk_btn_more_on@3x.png in Resources */,
			);
			runOnlyForDeploymentPostprocessing = 0;
		};
		83E8600B1B49085A00A56D6F /* Resources */ = {
			isa = PBXResourcesBuildPhase;
			buildActionMask = 2147483647;
			files = (
			);
			runOnlyForDeploymentPostprocessing = 0;
		};
/* End PBXResourcesBuildPhase section */

/* Begin PBXShellScriptBuildPhase section */
		08BEA765CA714161F7EDFE59 /* Copy Pods Resources */ = {
			isa = PBXShellScriptBuildPhase;
			buildActionMask = 2147483647;
			files = (
			);
			inputPaths = (
			);
			name = "Copy Pods Resources";
			outputPaths = (
			);
			runOnlyForDeploymentPostprocessing = 0;
			shellPath = /bin/sh;
			shellScript = "\"${SRCROOT}/Pods/Target Support Files/Pods/Pods-resources.sh\"\n";
			showEnvVarsInLog = 0;
		};
		D802744ADBBA32EF02BE03D2 /* Embed Pods Frameworks */ = {
			isa = PBXShellScriptBuildPhase;
			buildActionMask = 2147483647;
			files = (
			);
			inputPaths = (
			);
			name = "Embed Pods Frameworks";
			outputPaths = (
			);
			runOnlyForDeploymentPostprocessing = 0;
			shellPath = /bin/sh;
			shellScript = "\"${SRCROOT}/Pods/Target Support Files/Pods/Pods-frameworks.sh\"\n";
			showEnvVarsInLog = 0;
		};
		F0ACB0505D70A8090991594C /* Check Pods Manifest.lock */ = {
			isa = PBXShellScriptBuildPhase;
			buildActionMask = 2147483647;
			files = (
			);
			inputPaths = (
			);
			name = "Check Pods Manifest.lock";
			outputPaths = (
			);
			runOnlyForDeploymentPostprocessing = 0;
			shellPath = /bin/sh;
			shellScript = "diff \"${PODS_ROOT}/../Podfile.lock\" \"${PODS_ROOT}/Manifest.lock\" > /dev/null\nif [[ $? != 0 ]] ; then\n    cat << EOM\nerror: The sandbox is not in sync with the Podfile.lock. Run 'pod install' or update your CocoaPods installation.\nEOM\n    exit 1\nfi\n";
			showEnvVarsInLog = 0;
		};
/* End PBXShellScriptBuildPhase section */

/* Begin PBXSourcesBuildPhase section */
		83E85FF01B49085A00A56D6F /* Sources */ = {
			isa = PBXSourcesBuildPhase;
			buildActionMask = 2147483647;
			files = (
				837A13661B60CE1E00DF44AC /* RHCircularProgressLayer.m in Sources */,
				83E8607F1B490D9F00A56D6F /* NSDate+App.m in Sources */,
				83B94BD21B50CB780068D6E7 /* RHMessageCell.m in Sources */,
				83B94BD41B50CB780068D6E7 /* RHMessageTextCell.m in Sources */,
				83B94BD11B50CB780068D6E7 /* RHMessageBaseCell.m in Sources */,
				8306515E1B53C0FF004FAB6D /* RHTalkInputView.m in Sources */,
				83E860861B490D9F00A56D6F /* UIFont+App.m in Sources */,
				83E8608F1B490D9F00A56D6F /* RHHeadImageCell.m in Sources */,
				83F032D41B563E7A00AAD650 /* RHToolView.m in Sources */,
				835A66711B67A92100E81FC9 /* RHMapView.m in Sources */,
				8379E0491B52A48E00C3B6DD /* RHLeftViewCell.m in Sources */,
				83B94BD61B50CB780068D6E7 /* RHMessageData.m in Sources */,
				83EECEBF1B4BF7E900F60B27 /* UIView+RHLoading.m in Sources */,
				837A133B1B5CA5F800DF44AC /* NSData+AES.m in Sources */,
				83B94BFB1B512E9E0068D6E7 /* RHAudioMessage.m in Sources */,
				83E860821B490D9F00A56D6F /* NSObject+Log.m in Sources */,
				8379E0431B52A38000C3B6DD /* RHLeftView.m in Sources */,
				83E860001B49085A00A56D6F /* ViewController.m in Sources */,
				83E860851B490D9F00A56D6F /* UIDevice+App.m in Sources */,
				837A13601B60AAAD00DF44AC /* RHPlayingIndicatorView.m in Sources */,
				83B94BBA1B50CA000068D6E7 /* RHTalkViewController.m in Sources */,
				835A66741B67A92100E81FC9 /* RHPolyline.m in Sources */,
				83E860801B490D9F00A56D6F /* NSFileManager+App.m in Sources */,
				83B94BD71B50CB780068D6E7 /* RHTextMessage.m in Sources */,
				83E860951B490D9F00A56D6F /* RHSerialQueue.m in Sources */,
				83E860911B490D9F00A56D6F /* RHTableViewAdapter.m in Sources */,
				83EECEBB1B4BEAD500F60B27 /* UIView+RHToast.m in Sources */,
				8369125D1C08092D0021541F /* RHNavigationController.m in Sources */,
				83EECEB81B4BB36A00F60B27 /* RHToastView.m in Sources */,
				83E8607E1B490D9F00A56D6F /* NSData+App.m in Sources */,
				83E8607C1B490D9F00A56D6F /* RHAudioMp3Output.m in Sources */,
				83F032C91B55FFF600AAD650 /* RHToolItem.m in Sources */,
				83E860961B490D9F00A56D6F /* RHTask.m in Sources */,
				83BAB9D81B6252BA0056FEB4 /* RootViewController.m in Sources */,
				83E85FFD1B49085A00A56D6F /* AppDelegate.m in Sources */,
				8379E03A1B529F6900C3B6DD /* RHLeftViewController.m in Sources */,
				835A66721B67A92100E81FC9 /* RHMapViewManager.m in Sources */,
				83E860871B490D9F00A56D6F /* UIImage+App.m in Sources */,
				83E860901B490D9F00A56D6F /* RHTableView.m in Sources */,
				837A13691B60CEE200DF44AC /* RHCircularProgressView.m in Sources */,
				8347C8A31B59220D000B1519 /* RHVoiceView.m in Sources */,
				83B94BD51B50CB780068D6E7 /* RHMessageTipCell.m in Sources */,
				83B94BBD1B50CA0F0068D6E7 /* RHTalkView.m in Sources */,
				837A136F1B61066300DF44AC /* LiveView.m in Sources */,
				83E860941B490D9F00A56D6F /* RHQueue.m in Sources */,
				83E8607B1B490D9F00A56D6F /* RHAudioCafOutput.m in Sources */,
				830651B31B53DAA1004FAB6D /* RHMiddleView.m in Sources */,
				83BAB9D11B6228830056FEB4 /* RHRefreshView.m in Sources */,
				83E860811B490D9F00A56D6F /* NSNull+App.m in Sources */,
				83B94BC01B50CB380068D6E7 /* RHTalkViewAdapter.m in Sources */,
				83E85FFA1B49085A00A56D6F /* main.m in Sources */,
				83B94BD31B50CB780068D6E7 /* RHMessageImageCell.m in Sources */,
				83B94BFE1B512EF90068D6E7 /* RHMessageAudioCell.m in Sources */,
				8379E0461B52A3A100C3B6DD /* RHLeftViewAdapter.m in Sources */,
				8347C8A61B59221D000B1519 /* RHEmojiView.m in Sources */,
				83E860791B490D9F00A56D6F /* RHAudioPlayer.m in Sources */,
				83B94BF81B512A180068D6E7 /* RHTipMessage.m in Sources */,
				83E8607D1B490D9F00A56D6F /* RHAudioRecorder.m in Sources */,
				8369125A1C0808F80021541F /* RHViewController.m in Sources */,
				837A133E1B5CAAA300DF44AC /* NSData+RSA.m in Sources */,
				837A135D1B60AA9600DF44AC /* RHActivityIndicatorView.m in Sources */,
				8347C89D1B58FC51000B1519 /* RHToolItemView.m in Sources */,
				83E8607A1B490D9F00A56D6F /* RHAudioAmrOutput.m in Sources */,
				83E860841B490D9F00A56D6F /* UIColor+App.m in Sources */,
				8379E03D1B529F7A00C3B6DD /* RHMiddleViewController.m in Sources */,
				83BAB9D41B623BF80056FEB4 /* RHCircularRefreshView.m in Sources */,
				835A66731B67A92100E81FC9 /* RHPointAnnotation.m in Sources */,
				83E860931B490D9F00A56D6F /* RHConcurrentQueue.m in Sources */,
				83E860921B490D9F00A56D6F /* RHTableViewCell.m in Sources */,
				83B94BDA1B50D0260068D6E7 /* RHImageMessage.m in Sources */,
				837A13631B60CA3E00DF44AC /* RHCircularIndicatorView.m in Sources */,
				8347C8A01B590409000B1519 /* RHTalkInputBar.m in Sources */,
				83E860831B490D9F00A56D6F /* NSString+App.m in Sources */,
				836356E01B4E223E0087B4EC /* RHStretchTableView.m in Sources */,
			);
			runOnlyForDeploymentPostprocessing = 0;
		};
		83E860091B49085A00A56D6F /* Sources */ = {
			isa = PBXSourcesBuildPhase;
			buildActionMask = 2147483647;
			files = (
				83E860141B49085A00A56D6F /* RHToolkitsDemoTests.m in Sources */,
			);
			runOnlyForDeploymentPostprocessing = 0;
		};
/* End PBXSourcesBuildPhase section */

/* Begin PBXTargetDependency section */
		83E8600F1B49085A00A56D6F /* PBXTargetDependency */ = {
			isa = PBXTargetDependency;
			target = 83E85FF31B49085A00A56D6F /* RHToolkitsDemo */;
			targetProxy = 83E8600E1B49085A00A56D6F /* PBXContainerItemProxy */;
		};
/* End PBXTargetDependency section */

/* Begin PBXVariantGroup section */
		83E860061B49085A00A56D6F /* LaunchScreen.xib */ = {
			isa = PBXVariantGroup;
			children = (
				83E860071B49085A00A56D6F /* Base */,
			);
			name = LaunchScreen.xib;
			sourceTree = "<group>";
		};
/* End PBXVariantGroup section */

/* Begin XCBuildConfiguration section */
		83E860151B49085A00A56D6F /* Debug */ = {
			isa = XCBuildConfiguration;
			buildSettings = {
				ALWAYS_SEARCH_USER_PATHS = NO;
				CLANG_CXX_LANGUAGE_STANDARD = "gnu++0x";
				CLANG_CXX_LIBRARY = "libc++";
				CLANG_ENABLE_MODULES = YES;
				CLANG_ENABLE_OBJC_ARC = YES;
				CLANG_WARN_BOOL_CONVERSION = YES;
				CLANG_WARN_CONSTANT_CONVERSION = YES;
				CLANG_WARN_DIRECT_OBJC_ISA_USAGE = YES_ERROR;
				CLANG_WARN_EMPTY_BODY = YES;
				CLANG_WARN_ENUM_CONVERSION = YES;
				CLANG_WARN_INT_CONVERSION = YES;
				CLANG_WARN_OBJC_ROOT_CLASS = YES_ERROR;
				CLANG_WARN_UNREACHABLE_CODE = YES;
				CLANG_WARN__DUPLICATE_METHOD_MATCH = YES;
				"CODE_SIGN_IDENTITY[sdk=iphoneos*]" = "iPhone Developer";
				COPY_PHASE_STRIP = NO;
				DEBUG_INFORMATION_FORMAT = "dwarf-with-dsym";
				ENABLE_STRICT_OBJC_MSGSEND = YES;
				GCC_C_LANGUAGE_STANDARD = gnu99;
				GCC_DYNAMIC_NO_PIC = NO;
				GCC_NO_COMMON_BLOCKS = YES;
				GCC_OPTIMIZATION_LEVEL = 0;
				GCC_PREPROCESSOR_DEFINITIONS = (
					"DEBUG=1",
					"$(inherited)",
				);
				GCC_SYMBOLS_PRIVATE_EXTERN = NO;
				GCC_WARN_64_TO_32_BIT_CONVERSION = YES;
				GCC_WARN_ABOUT_RETURN_TYPE = YES_ERROR;
				GCC_WARN_UNDECLARED_SELECTOR = YES;
				GCC_WARN_UNINITIALIZED_AUTOS = YES_AGGRESSIVE;
				GCC_WARN_UNUSED_FUNCTION = YES;
				GCC_WARN_UNUSED_VARIABLE = YES;
				IPHONEOS_DEPLOYMENT_TARGET = 7.0;
				MTL_ENABLE_DEBUG_INFO = YES;
				ONLY_ACTIVE_ARCH = YES;
				SDKROOT = iphoneos;
				TARGETED_DEVICE_FAMILY = "1,2";
			};
			name = Debug;
		};
		83E860161B49085A00A56D6F /* Release */ = {
			isa = XCBuildConfiguration;
			buildSettings = {
				ALWAYS_SEARCH_USER_PATHS = NO;
				CLANG_CXX_LANGUAGE_STANDARD = "gnu++0x";
				CLANG_CXX_LIBRARY = "libc++";
				CLANG_ENABLE_MODULES = YES;
				CLANG_ENABLE_OBJC_ARC = YES;
				CLANG_WARN_BOOL_CONVERSION = YES;
				CLANG_WARN_CONSTANT_CONVERSION = YES;
				CLANG_WARN_DIRECT_OBJC_ISA_USAGE = YES_ERROR;
				CLANG_WARN_EMPTY_BODY = YES;
				CLANG_WARN_ENUM_CONVERSION = YES;
				CLANG_WARN_INT_CONVERSION = YES;
				CLANG_WARN_OBJC_ROOT_CLASS = YES_ERROR;
				CLANG_WARN_UNREACHABLE_CODE = YES;
				CLANG_WARN__DUPLICATE_METHOD_MATCH = YES;
				"CODE_SIGN_IDENTITY[sdk=iphoneos*]" = "iPhone Developer";
				COPY_PHASE_STRIP = NO;
				DEBUG_INFORMATION_FORMAT = "dwarf-with-dsym";
				ENABLE_NS_ASSERTIONS = NO;
				ENABLE_STRICT_OBJC_MSGSEND = YES;
				GCC_C_LANGUAGE_STANDARD = gnu99;
				GCC_NO_COMMON_BLOCKS = YES;
				GCC_WARN_64_TO_32_BIT_CONVERSION = YES;
				GCC_WARN_ABOUT_RETURN_TYPE = YES_ERROR;
				GCC_WARN_UNDECLARED_SELECTOR = YES;
				GCC_WARN_UNINITIALIZED_AUTOS = YES_AGGRESSIVE;
				GCC_WARN_UNUSED_FUNCTION = YES;
				GCC_WARN_UNUSED_VARIABLE = YES;
				IPHONEOS_DEPLOYMENT_TARGET = 7.0;
				MTL_ENABLE_DEBUG_INFO = NO;
				SDKROOT = iphoneos;
				TARGETED_DEVICE_FAMILY = "1,2";
				VALIDATE_PRODUCT = YES;
			};
			name = Release;
		};
		83E860181B49085A00A56D6F /* Debug */ = {
			isa = XCBuildConfiguration;
			baseConfigurationReference = 5AB6107C49065E8E307E0D8A /* Pods.debug.xcconfig */;
			buildSettings = {
				ARCHS = "$(ARCHS_STANDARD)";
				ASSETCATALOG_COMPILER_APPICON_NAME = AppIcon;
				GCC_PRECOMPILE_PREFIX_HEADER = YES;
				GCC_PREFIX_HEADER = RHToolkitsDemo/Prefix.pch;
				INFOPLIST_FILE = RHToolkitsDemo/Info.plist;
				LD_RUNPATH_SEARCH_PATHS = "$(inherited) @executable_path/Frameworks";
				LIBRARY_SEARCH_PATHS = (
					"$(inherited)",
					/Users/zhuruhong/Desktop/pig/RHToolkits/RHToolkits/RHAudio/amr_en_de/lib,
					/Users/zhuruhong/Desktop/pig/RHToolkits/RHToolkits/RHAudio/lame,
				);
				PRODUCT_NAME = "$(TARGET_NAME)";
			};
			name = Debug;
		};
		83E860191B49085A00A56D6F /* Release */ = {
			isa = XCBuildConfiguration;
			baseConfigurationReference = 5D9884DD6C1CD0E70258A7A6 /* Pods.release.xcconfig */;
			buildSettings = {
				ARCHS = "$(ARCHS_STANDARD)";
				ASSETCATALOG_COMPILER_APPICON_NAME = AppIcon;
				GCC_PRECOMPILE_PREFIX_HEADER = YES;
				GCC_PREFIX_HEADER = RHToolkitsDemo/Prefix.pch;
				INFOPLIST_FILE = RHToolkitsDemo/Info.plist;
				LD_RUNPATH_SEARCH_PATHS = "$(inherited) @executable_path/Frameworks";
				LIBRARY_SEARCH_PATHS = (
					"$(inherited)",
					/Users/zhuruhong/Desktop/pig/RHToolkits/RHToolkits/RHAudio/amr_en_de/lib,
					/Users/zhuruhong/Desktop/pig/RHToolkits/RHToolkits/RHAudio/lame,
				);
				PRODUCT_NAME = "$(TARGET_NAME)";
			};
			name = Release;
		};
		83E8601B1B49085A00A56D6F /* Debug */ = {
			isa = XCBuildConfiguration;
			buildSettings = {
				BUNDLE_LOADER = "$(TEST_HOST)";
				FRAMEWORK_SEARCH_PATHS = (
					"$(SDKROOT)/Developer/Library/Frameworks",
					"$(inherited)",
				);
				GCC_PREPROCESSOR_DEFINITIONS = (
					"DEBUG=1",
					"$(inherited)",
				);
				INFOPLIST_FILE = RHToolkitsDemoTests/Info.plist;
				LD_RUNPATH_SEARCH_PATHS = "$(inherited) @executable_path/Frameworks @loader_path/Frameworks";
				PRODUCT_NAME = "$(TARGET_NAME)";
				TEST_HOST = "$(BUILT_PRODUCTS_DIR)/RHToolkitsDemo.app/RHToolkitsDemo";
			};
			name = Debug;
		};
		83E8601C1B49085A00A56D6F /* Release */ = {
			isa = XCBuildConfiguration;
			buildSettings = {
				BUNDLE_LOADER = "$(TEST_HOST)";
				FRAMEWORK_SEARCH_PATHS = (
					"$(SDKROOT)/Developer/Library/Frameworks",
					"$(inherited)",
				);
				INFOPLIST_FILE = RHToolkitsDemoTests/Info.plist;
				LD_RUNPATH_SEARCH_PATHS = "$(inherited) @executable_path/Frameworks @loader_path/Frameworks";
				PRODUCT_NAME = "$(TARGET_NAME)";
				TEST_HOST = "$(BUILT_PRODUCTS_DIR)/RHToolkitsDemo.app/RHToolkitsDemo";
			};
			name = Release;
		};
/* End XCBuildConfiguration section */

/* Begin XCConfigurationList section */
		83E85FEF1B49085A00A56D6F /* Build configuration list for PBXProject "RHToolkitsDemo" */ = {
			isa = XCConfigurationList;
			buildConfigurations = (
				83E860151B49085A00A56D6F /* Debug */,
				83E860161B49085A00A56D6F /* Release */,
			);
			defaultConfigurationIsVisible = 0;
			defaultConfigurationName = Release;
		};
		83E860171B49085A00A56D6F /* Build configuration list for PBXNativeTarget "RHToolkitsDemo" */ = {
			isa = XCConfigurationList;
			buildConfigurations = (
				83E860181B49085A00A56D6F /* Debug */,
				83E860191B49085A00A56D6F /* Release */,
			);
			defaultConfigurationIsVisible = 0;
			defaultConfigurationName = Release;
		};
		83E8601A1B49085A00A56D6F /* Build configuration list for PBXNativeTarget "RHToolkitsDemoTests" */ = {
			isa = XCConfigurationList;
			buildConfigurations = (
				83E8601B1B49085A00A56D6F /* Debug */,
				83E8601C1B49085A00A56D6F /* Release */,
			);
			defaultConfigurationIsVisible = 0;
			defaultConfigurationName = Release;
		};
/* End XCConfigurationList section */
	};
	rootObject = 83E85FEC1B49085A00A56D6F /* Project object */;
}
